<?xml version="1.0" encoding="utf-8"?>
<Project ToolsVersion="4.0" xmlns="http://schemas.microsoft.com/developer/msbuild/2003">
  <ItemGroup>
    <Filter Include="Source Files">
      <UniqueIdentifier>{b2ce98c4-0812-4d8f-bd94-8d57b1e38e03}</UniqueIdentifier>
      <Extensions>cpp;c;cxx;rc;def;r;odl;idl;hpj;bat</Extensions>
    </Filter>
    <Filter Include="Header Files">
      <UniqueIdentifier>{f695fb4a-94a8-488d-9454-512bcda5b080}</UniqueIdentifier>
      <Extensions>h;hpp;hxx;hm;inl</Extensions>
    </Filter>
    <Filter Include="Resource Files">
      <UniqueIdentifier>{e7ee5ce4-0d5d-4dd9-92e4-d0fdb351bde7}</UniqueIdentifier>
      <Extensions>ico;cur;bmp;dlg;rc2;rct;bin;rgs;gif;jpg;jpeg;jpe</Extensions>
    </Filter>
  </ItemGroup>
  <ItemGroup>
    <ClCompile Include="AudioConfigDialog.cpp">
      <Filter>Source Files</Filter>
    </ClCompile>
    <ClCompile Include="DriverVersionWarning.cpp">
      <Filter>Source Files</Filter>
    </ClCompile>
    <ClCompile Include="EZGIMEX.cpp">
      <Filter>Source Files</Filter>
    </ClCompile>
    <ClCompile Include="locale.cpp">
      <Filter>Source Files</Filter>
    </ClCompile>
    <ClCompile Include="Locale_API.cpp">
      <Filter>Source Files</Filter>
    </ClCompile>
    <ClCompile Include="PerformanceConfigDialog.cpp">
      <Filter>Source Files</Filter>
    </ClCompile>
    <ClCompile Include="..\..\WWLib\rawfile.cpp">
      <Filter>Source Files</Filter>
    </ClCompile>
    <ClCompile Include="StdAfx.cpp">
      <Filter>Source Files</Filter>
    </ClCompile>
    <ClCompile Include="VideoConfigDialog.cpp">
      <Filter>Source Files</Filter>
    </ClCompile>
    <ClCompile Include="WWConfig.cpp">
      <Filter>Source Files</Filter>
    </ClCompile>
    <ClCompile Include="WWConfigDlg.cpp">
      <Filter>Source Files</Filter>
    </ClCompile>
    <ClCompile Include="..\..\WWLib\wwfile.cpp">
      <Filter>Source Files</Filter>
    </ClCompile>
  </ItemGroup>
  <ItemGroup>
    <ClInclude Include="AudioConfigDialog.h">
      <Filter>Header Files</Filter>
    </ClInclude>
    <ClInclude Include="DriverVersionWarning.h">
      <Filter>Header Files</Filter>
    </ClInclude>
    <ClInclude Include="gimex.h">
      <Filter>Header Files</Filter>
    </ClInclude>
    <ClInclude Include="locale.h">
      <Filter>Header Files</Filter>
    </ClInclude>
    <ClInclude Include="Locale_API.h">
      <Filter>Header Files</Filter>
    </ClInclude>
    <ClInclude Include="PerformanceConfigDialog.h">
      <Filter>Header Files</Filter>
    </ClInclude>
    <ClInclude Include="..\..\WWLib\rawfile.h">
      <Filter>Header Files</Filter>
    </ClInclude>
    <ClInclude Include="Resource.h">
      <Filter>Header Files</Filter>
    </ClInclude>
    <ClInclude Include="StdAfx.h">
      <Filter>Header Files</Filter>
    </ClInclude>
    <ClInclude Include="VideoConfigDialog.h">
      <Filter>Header Files</Filter>
    </ClInclude>
    <ClInclude Include="WWConfig.h">
      <Filter>Header Files</Filter>
    </ClInclude>
    <ClInclude Include="wwconfig_ids.h">
      <Filter>Header Files</Filter>
    </ClInclude>
    <ClInclude Include="WWConfigDlg.h">
      <Filter>Header Files</Filter>
    </ClInclude>
    <ClInclude Include="..\..\WWLib\wwfile.h">
      <Filter>Header Files</Filter>
    </ClInclude>
  </ItemGroup>
  <ItemGroup>
    <ResourceCompile Include="WWConfig.rc">
      <Filter>Resource Files</Filter>
    </ResourceCompile>
  </ItemGroup>
  <ItemGroup>
    <CustomBuild Include="res\ico00001.ico">
      <Filter>Resource Files</Filter>
    </CustomBuild>
    <CustomBuild Include="res\ico00002.ico">
      <Filter>Resource Files</Filter>
    </CustomBuild>
    <CustomBuild Include="res\icon1.ico">
      <Filter>Resource Files</Filter>
    </CustomBuild>
    <CustomBuild Include="Res\IDL_CHINESE.loc">
      <Filter>Resource Files</Filter>
    </CustomBuild>
    <CustomBuild Include="Res\IDL_ENGLISH.loc">
      <Filter>Resource Files</Filter>
    </CustomBuild>
    <CustomBuild Include="Res\IDL_FRENCH.loc">
      <Filter>Resource Files</Filter>
    </CustomBuild>
    <CustomBuild Include="Res\IDL_GERMAN.loc">
      <Filter>Resource Files</Filter>
    </CustomBuild>
    <CustomBuild Include="Res\IDL_JAPANESE.loc">
      <Filter>Resource Files</Filter>
    </CustomBuild>
    <CustomBuild Include="Res\IDL_KOREAN.loc">
      <Filter>Resource Files</Filter>
    </CustomBuild>
    <CustomBuild Include="res\logo.bmp">
      <Filter>Resource Files</Filter>
    </CustomBuild>
    <CustomBuild Include="res\WWConfig.ico">
      <Filter>Resource Files</Filter>
    </CustomBuild>
    <CustomBuild Include="res\WWConfig.rc2">
      <Filter>Resource Files</Filter>
    </CustomBuild>
    <CustomBuild Include="ReadMe.txt" />
  </ItemGroup>
  <ItemGroup>
    <None Include="packages.config" />
  </ItemGroup>
</Project>