<?xml version="1.0" encoding="utf-8"?>
<Project ToolsVersion="4.0" xmlns="http://schemas.microsoft.com/developer/msbuild/2003">
  <ItemGroup>
    <Filter Include="Source Files">
      <UniqueIdentifier>{14e84079-34e1-421c-bad0-e71d9c9dc118}</UniqueIdentifier>
      <Extensions>cpp;c;cxx;rc;def;r;odl;idl;hpj;bat</Extensions>
    </Filter>
    <Filter Include="Header Files">
      <UniqueIdentifier>{81074fa4-b24c-4419-b29d-3add53bb9611}</UniqueIdentifier>
      <Extensions>h;hpp;hxx;hm;inl</Extensions>
    </Filter>
  </ItemGroup>
  <ItemGroup>
    <ClCompile Include="stringtwiddler.cpp">
      <Filter>Source Files</Filter>
    </ClCompile>
    <ClCompile Include="tdbcategory.cpp">
      <Filter>Source Files</Filter>
    </ClCompile>
    <ClCompile Include="translatedb.cpp">
      <Filter>Source Files</Filter>
    </ClCompile>
    <ClCompile Include="translateobj.cpp">
      <Filter>Source Files</Filter>
    </ClCompile>
  </ItemGroup>
  <ItemGroup>
    <ClInclude Include="stringtwiddler.h">
      <Filter>Header Files</Filter>
    </ClInclude>
    <ClInclude Include="tdbcategories.h">
      <Filter>Header Files</Filter>
    </ClInclude>
    <ClInclude Include="tdbcategory.h">
      <Filter>Header Files</Filter>
    </ClInclude>
    <ClInclude Include="translatedb.h">
      <Filter>Header Files</Filter>
    </ClInclude>
    <ClInclude Include="translatedbids.h">
      <Filter>Header Files</Filter>
    </ClInclude>
    <ClInclude Include="translateobj.h">
      <Filter>Header Files</Filter>
    </ClInclude>
  </ItemGroup>
</Project>