
Microsoft Visual Studio Solution File, Format Version 12.00
# Visual Studio Version 17
VisualStudioVersion = 17.10.35013.160
MinimumVisualStudioVersion = 10.0.40219.1
Project("{8BC9CEB8-8B4A-11D0-8D11-00A0C91BC942}") = "BandTest", "BandTest\BandTest.vcxproj", "{695401B4-D13E-2DC5-E5A1-9E5C39428691}"
EndProject
Project("{8BC9CEB8-8B4A-11D0-8D11-00A0C91BC942}") = "BinkMovie", "BinkMovie\BinkMovie.vcxproj", "{2F155181-B9FC-4F75-6528-47C210330322}"
	ProjectSection(ProjectDependencies) = postProject
		{DE619ECC-53DB-61E8-F6B9-0561E84BA898} = {DE619ECC-53DB-61E8-F6B9-0561E84BA898}
	EndProjectSection
EndProject
Project("{8BC9CEB8-8B4A-11D0-8D11-00A0C91BC942}") = "Combat", "Combat\Combat.vcxproj", "{2EF73F13-E159-99C5-BAA6-B31B080703FA}"
EndProject
Project("{8BC9CEB8-8B4A-11D0-8D11-00A0C91BC942}") = "LevelEdit", "Tools\LevelEdit\LevelEdit.vcxproj", "{84A0773C-ACF1-69BA-E05C-B63B44C47F58}"
	ProjectSection(ProjectDependencies) = postProject
		{2EF73F13-E159-99C5-BAA6-B31B080703FA} = {2EF73F13-E159-99C5-BAA6-B31B080703FA}
		{636A7E28-8E93-6151-876E-4B9355618BF1} = {636A7E28-8E93-6151-876E-4B9355618BF1}
		{3BB2AF52-92AC-5CD6-87B5-6C79295C6CB0} = {3BB2AF52-92AC-5CD6-87B5-6C79295C6CB0}
		{B0CFF868-7C56-48BD-B73D-0AD251B0D85B} = {B0CFF868-7C56-48BD-B73D-0AD251B0D85B}
		{C086B96B-61A5-A0AE-5A1C-977EF9965DA0} = {C086B96B-61A5-A0AE-5A1C-977EF9965DA0}
		{8A49BC6C-6907-D6EC-EAA1-3E6730B0C985} = {8A49BC6C-6907-D6EC-EAA1-3E6730B0C985}
		{AA54AA7A-A5AE-67BB-0A57-33AC0742124E} = {AA54AA7A-A5AE-67BB-0A57-33AC0742124E}
		{978D74B4-B8AA-0581-6739-BD36078AC872} = {978D74B4-B8AA-0581-6739-BD36078AC872}
		{D9D2F7B8-9E60-42CA-B4C7-6D414FB88805} = {D9D2F7B8-9E60-42CA-B4C7-6D414FB88805}
		{38F8C2C0-C945-636E-79AF-3E0E17D7B5FF} = {38F8C2C0-C945-636E-79AF-3E0E17D7B5FF}
		{DE619ECC-53DB-61E8-F6B9-0561E84BA898} = {DE619ECC-53DB-61E8-F6B9-0561E84BA898}
		{8EEFC2D8-6F42-8CE4-367E-CEB0DED25426} = {8EEFC2D8-6F42-8CE4-367E-CEB0DED25426}
		{F5B952F4-E8AD-F489-B366-5CE296194A6D} = {F5B952F4-E8AD-F489-B366-5CE296194A6D}
	EndProjectSection
EndProject
Project("{8BC9CEB8-8B4A-11D0-8D11-00A0C91BC942}") = "SControl", "SControl\SControl.vcxproj", "{81F21B91-5400-747A-BBC9-A30D0EE34EB2}"
EndProject
Project("{8BC9CEB8-8B4A-11D0-8D11-00A0C91BC942}") = "Scripts", "Scripts\Scripts.vcxproj", "{3532519B-EAE9-8567-3967-2167219F2E4B}"
EndProject
Project("{8BC9CEB8-8B4A-11D0-8D11-00A0C91BC942}") = "WWAudio", "WWAudio\WWAudio.vcxproj", "{38F8C2C0-C945-636E-79AF-3E0E17D7B5FF}"
EndProject
Project("{8BC9CEB8-8B4A-11D0-8D11-00A0C91BC942}") = "WWConfig", "Tools\WWConfig\WWConfig.vcxproj", "{4087FA2E-EC65-C624-5252-14DDE43C6828}"
	ProjectSection(ProjectDependencies) = postProject
		{636A7E28-8E93-6151-876E-4B9355618BF1} = {636A7E28-8E93-6151-876E-4B9355618BF1}
		{3BB2AF52-92AC-5CD6-87B5-6C79295C6CB0} = {3BB2AF52-92AC-5CD6-87B5-6C79295C6CB0}
		{B0CFF868-7C56-48BD-B73D-0AD251B0D85B} = {B0CFF868-7C56-48BD-B73D-0AD251B0D85B}
		{AA54AA7A-A5AE-67BB-0A57-33AC0742124E} = {AA54AA7A-A5AE-67BB-0A57-33AC0742124E}
		{978D74B4-B8AA-0581-6739-BD36078AC872} = {978D74B4-B8AA-0581-6739-BD36078AC872}
		{D9D2F7B8-9E60-42CA-B4C7-6D414FB88805} = {D9D2F7B8-9E60-42CA-B4C7-6D414FB88805}
		{38F8C2C0-C945-636E-79AF-3E0E17D7B5FF} = {38F8C2C0-C945-636E-79AF-3E0E17D7B5FF}
		{DE619ECC-53DB-61E8-F6B9-0561E84BA898} = {DE619ECC-53DB-61E8-F6B9-0561E84BA898}
		{8EEFC2D8-6F42-8CE4-367E-CEB0DED25426} = {8EEFC2D8-6F42-8CE4-367E-CEB0DED25426}
		{F5B952F4-E8AD-F489-B366-5CE296194A6D} = {F5B952F4-E8AD-F489-B366-5CE296194A6D}
	EndProjectSection
EndProject
Project("{8BC9CEB8-8B4A-11D0-8D11-00A0C91BC942}") = "WWCtrl", "Tools\WWCtrl\WWCtrl.vcxproj", "{DF523FA0-F6FF-2367-A3B5-B9E9A11DB370}"
EndProject
Project("{8BC9CEB8-8B4A-11D0-8D11-00A0C91BC942}") = "commando", "Commando\commando.vcxproj", "{DA852D56-235A-E429-4F3E-5CD34D93C197}"
	ProjectSection(ProjectDependencies) = postProject
		{2EF73F13-E159-99C5-BAA6-B31B080703FA} = {2EF73F13-E159-99C5-BAA6-B31B080703FA}
		{636A7E28-8E93-6151-876E-4B9355618BF1} = {636A7E28-8E93-6151-876E-4B9355618BF1}
		{3BB2AF52-92AC-5CD6-87B5-6C79295C6CB0} = {3BB2AF52-92AC-5CD6-87B5-6C79295C6CB0}
		{B0CFF868-7C56-48BD-B73D-0AD251B0D85B} = {B0CFF868-7C56-48BD-B73D-0AD251B0D85B}
		{C086B96B-61A5-A0AE-5A1C-977EF9965DA0} = {C086B96B-61A5-A0AE-5A1C-977EF9965DA0}
		{8A49BC6C-6907-D6EC-EAA1-3E6730B0C985} = {8A49BC6C-6907-D6EC-EAA1-3E6730B0C985}
		{AA54AA7A-A5AE-67BB-0A57-33AC0742124E} = {AA54AA7A-A5AE-67BB-0A57-33AC0742124E}
		{2F155181-B9FC-4F75-6528-47C210330322} = {2F155181-B9FC-4F75-6528-47C210330322}
		{81F21B91-5400-747A-BBC9-A30D0EE34EB2} = {81F21B91-5400-747A-BBC9-A30D0EE34EB2}
		{3532519B-EAE9-8567-3967-2167219F2E4B} = {3532519B-EAE9-8567-3967-2167219F2E4B}
		{695401B4-D13E-2DC5-E5A1-9E5C39428691} = {695401B4-D13E-2DC5-E5A1-9E5C39428691}
		{978D74B4-B8AA-0581-6739-BD36078AC872} = {978D74B4-B8AA-0581-6739-BD36078AC872}
		{D9D2F7B8-9E60-42CA-B4C7-6D414FB88805} = {D9D2F7B8-9E60-42CA-B4C7-6D414FB88805}
		{38F8C2C0-C945-636E-79AF-3E0E17D7B5FF} = {38F8C2C0-C945-636E-79AF-3E0E17D7B5FF}
		{DE619ECC-53DB-61E8-F6B9-0561E84BA898} = {DE619ECC-53DB-61E8-F6B9-0561E84BA898}
		{8EEFC2D8-6F42-8CE4-367E-CEB0DED25426} = {8EEFC2D8-6F42-8CE4-367E-CEB0DED25426}
		{F5B952F4-E8AD-F489-B366-5CE296194A6D} = {F5B952F4-E8AD-F489-B366-5CE296194A6D}
	EndProjectSection
EndProject
Project("{8BC9CEB8-8B4A-11D0-8D11-00A0C91BC942}") = "ww3d2", "ww3d2\ww3d2.vcxproj", "{DE619ECC-53DB-61E8-F6B9-0561E84BA898}"
EndProject
Project("{8BC9CEB8-8B4A-11D0-8D11-00A0C91BC942}") = "wwbitpack", "wwbitpack\wwbitpack.vcxproj", "{8A49BC6C-6907-D6EC-EAA1-3E6730B0C985}"
EndProject
Project("{8BC9CEB8-8B4A-11D0-8D11-00A0C91BC942}") = "wwdebug", "wwdebug\wwdebug.vcxproj", "{636A7E28-8E93-6151-876E-4B9355618BF1}"
EndProject
Project("{8BC9CEB8-8B4A-11D0-8D11-00A0C91BC942}") = "wwlib", "wwlib\wwlib.vcxproj", "{8EEFC2D8-6F42-8CE4-367E-CEB0DED25426}"
EndProject
Project("{8BC9CEB8-8B4A-11D0-8D11-00A0C91BC942}") = "wwmath", "WWMath\wwmath.vcxproj", "{3BB2AF52-92AC-5CD6-87B5-6C79295C6CB0}"
EndProject
Project("{8BC9CEB8-8B4A-11D0-8D11-00A0C91BC942}") = "wwnet", "wwnet\wwnet.vcxproj", "{B0CFF868-7C56-48BD-B73D-0AD251B0D85B}"
EndProject
Project("{8BC9CEB8-8B4A-11D0-8D11-00A0C91BC942}") = "wwphys", "wwphys\wwphys.vcxproj", "{D9D2F7B8-9E60-42CA-B4C7-6D414FB88805}"
EndProject
Project("{8BC9CEB8-8B4A-11D0-8D11-00A0C91BC942}") = "wwsaveload", "wwsaveload\wwsaveload.vcxproj", "{AA54AA7A-A5AE-67BB-0A57-33AC0742124E}"
EndProject
Project("{8BC9CEB8-8B4A-11D0-8D11-00A0C91BC942}") = "wwtranslatedb", "wwtranslatedb\wwtranslatedb.vcxproj", "{F5B952F4-E8AD-F489-B366-5CE296194A6D}"
EndProject
Project("{8BC9CEB8-8B4A-11D0-8D11-00A0C91BC942}") = "wwui", "wwui\wwui.vcxproj", "{C086B96B-61A5-A0AE-5A1C-977EF9965DA0}"
EndProject
Project("{8BC9CEB8-8B4A-11D0-8D11-00A0C91BC942}") = "wwutil", "wwutil\wwutil.vcxproj", "{978D74B4-B8AA-0581-6739-BD36078AC872}"
EndProject
Global
	GlobalSection(SolutionConfigurationPlatforms) = preSolution
		Debug|Win32 = Debug|Win32
		DebugE|Win32 = DebugE|Win32
		Profile|Win32 = Profile|Win32
		ProfileE|Win32 = ProfileE|Win32
		Release|Win32 = Release|Win32
	EndGlobalSection
	GlobalSection(ProjectConfigurationPlatforms) = postSolution
		{695401B4-D13E-2DC5-E5A1-9E5C39428691}.Debug|Win32.ActiveCfg = Debug|Win32
		{695401B4-D13E-2DC5-E5A1-9E5C39428691}.Debug|Win32.Build.0 = Debug|Win32
		{695401B4-D13E-2DC5-E5A1-9E5C39428691}.DebugE|Win32.ActiveCfg = Debug|Win32
		{695401B4-D13E-2DC5-E5A1-9E5C39428691}.DebugE|Win32.Build.0 = Debug|Win32
		{695401B4-D13E-2DC5-E5A1-9E5C39428691}.Profile|Win32.ActiveCfg = Profile|Win32
		{695401B4-D13E-2DC5-E5A1-9E5C39428691}.Profile|Win32.Build.0 = Profile|Win32
		{695401B4-D13E-2DC5-E5A1-9E5C39428691}.ProfileE|Win32.ActiveCfg = Profile|Win32
		{695401B4-D13E-2DC5-E5A1-9E5C39428691}.ProfileE|Win32.Build.0 = Profile|Win32
		{695401B4-D13E-2DC5-E5A1-9E5C39428691}.Release|Win32.ActiveCfg = Release|Win32
		{695401B4-D13E-2DC5-E5A1-9E5C39428691}.Release|Win32.Build.0 = Release|Win32
		{2F155181-B9FC-4F75-6528-47C210330322}.Debug|Win32.ActiveCfg = Debug|Win32
		{2F155181-B9FC-4F75-6528-47C210330322}.Debug|Win32.Build.0 = Debug|Win32
		{2F155181-B9FC-4F75-6528-47C210330322}.DebugE|Win32.ActiveCfg = Debug|Win32
		{2F155181-B9FC-4F75-6528-47C210330322}.DebugE|Win32.Build.0 = Debug|Win32
		{2F155181-B9FC-4F75-6528-47C210330322}.Profile|Win32.ActiveCfg = Profile|Win32
		{2F155181-B9FC-4F75-6528-47C210330322}.Profile|Win32.Build.0 = Profile|Win32
		{2F155181-B9FC-4F75-6528-47C210330322}.ProfileE|Win32.ActiveCfg = Profile|Win32
		{2F155181-B9FC-4F75-6528-47C210330322}.ProfileE|Win32.Build.0 = Profile|Win32
		{2F155181-B9FC-4F75-6528-47C210330322}.Release|Win32.ActiveCfg = Release|Win32
		{2F155181-B9FC-4F75-6528-47C210330322}.Release|Win32.Build.0 = Release|Win32
		{2EF73F13-E159-99C5-BAA6-B31B080703FA}.Debug|Win32.ActiveCfg = Debug|Win32
		{2EF73F13-E159-99C5-BAA6-B31B080703FA}.Debug|Win32.Build.0 = Debug|Win32
		{2EF73F13-E159-99C5-BAA6-B31B080703FA}.DebugE|Win32.ActiveCfg = DebugE|Win32
		{2EF73F13-E159-99C5-BAA6-B31B080703FA}.DebugE|Win32.Build.0 = DebugE|Win32
		{2EF73F13-E159-99C5-BAA6-B31B080703FA}.Profile|Win32.ActiveCfg = Profile|Win32
		{2EF73F13-E159-99C5-BAA6-B31B080703FA}.Profile|Win32.Build.0 = Profile|Win32
		{2EF73F13-E159-99C5-BAA6-B31B080703FA}.ProfileE|Win32.ActiveCfg = ProfileE|Win32
		{2EF73F13-E159-99C5-BAA6-B31B080703FA}.ProfileE|Win32.Build.0 = ProfileE|Win32
		{2EF73F13-E159-99C5-BAA6-B31B080703FA}.Release|Win32.ActiveCfg = Release|Win32
		{2EF73F13-E159-99C5-BAA6-B31B080703FA}.Release|Win32.Build.0 = Release|Win32
		{84A0773C-ACF1-69BA-E05C-B63B44C47F58}.Debug|Win32.ActiveCfg = DebugE|Win32
		{84A0773C-ACF1-69BA-E05C-B63B44C47F58}.Debug|Win32.Build.0 = DebugE|Win32
		{84A0773C-ACF1-69BA-E05C-B63B44C47F58}.DebugE|Win32.ActiveCfg = DebugE|Win32
		{84A0773C-ACF1-69BA-E05C-B63B44C47F58}.DebugE|Win32.Build.0 = DebugE|Win32
		{84A0773C-ACF1-69BA-E05C-B63B44C47F58}.Profile|Win32.ActiveCfg = ProfileE|Win32
		{84A0773C-ACF1-69BA-E05C-B63B44C47F58}.Profile|Win32.Build.0 = ProfileE|Win32
		{84A0773C-ACF1-69BA-E05C-B63B44C47F58}.ProfileE|Win32.ActiveCfg = ProfileE|Win32
		{84A0773C-ACF1-69BA-E05C-B63B44C47F58}.ProfileE|Win32.Build.0 = ProfileE|Win32
		{84A0773C-ACF1-69BA-E05C-B63B44C47F58}.Release|Win32.ActiveCfg = ProfileE|Win32
		{84A0773C-ACF1-69BA-E05C-B63B44C47F58}.Release|Win32.Build.0 = ProfileE|Win32
		{81F21B91-5400-747A-BBC9-A30D0EE34EB2}.Debug|Win32.ActiveCfg = Debug|Win32
		{81F21B91-5400-747A-BBC9-A30D0EE34EB2}.Debug|Win32.Build.0 = Debug|Win32
		{81F21B91-5400-747A-BBC9-A30D0EE34EB2}.DebugE|Win32.ActiveCfg = Debug|Win32
		{81F21B91-5400-747A-BBC9-A30D0EE34EB2}.DebugE|Win32.Build.0 = Debug|Win32
		{81F21B91-5400-747A-BBC9-A30D0EE34EB2}.Profile|Win32.ActiveCfg = Profile|Win32
		{81F21B91-5400-747A-BBC9-A30D0EE34EB2}.Profile|Win32.Build.0 = Profile|Win32
		{81F21B91-5400-747A-BBC9-A30D0EE34EB2}.ProfileE|Win32.ActiveCfg = Profile|Win32
		{81F21B91-5400-747A-BBC9-A30D0EE34EB2}.ProfileE|Win32.Build.0 = Profile|Win32
		{81F21B91-5400-747A-BBC9-A30D0EE34EB2}.Release|Win32.ActiveCfg = Release|Win32
		{81F21B91-5400-747A-BBC9-A30D0EE34EB2}.Release|Win32.Build.0 = Release|Win32
		{3532519B-EAE9-8567-3967-2167219F2E4B}.Debug|Win32.ActiveCfg = Debug|Win32
		{3532519B-EAE9-8567-3967-2167219F2E4B}.Debug|Win32.Build.0 = Debug|Win32
		{3532519B-EAE9-8567-3967-2167219F2E4B}.DebugE|Win32.ActiveCfg = Debug|Win32
		{3532519B-EAE9-8567-3967-2167219F2E4B}.DebugE|Win32.Build.0 = Debug|Win32
		{3532519B-EAE9-8567-3967-2167219F2E4B}.Profile|Win32.ActiveCfg = Profile|Win32
		{3532519B-EAE9-8567-3967-2167219F2E4B}.Profile|Win32.Build.0 = Profile|Win32
		{3532519B-EAE9-8567-3967-2167219F2E4B}.ProfileE|Win32.ActiveCfg = Profile|Win32
		{3532519B-EAE9-8567-3967-2167219F2E4B}.ProfileE|Win32.Build.0 = Profile|Win32
		{3532519B-EAE9-8567-3967-2167219F2E4B}.Release|Win32.ActiveCfg = Release|Win32
		{3532519B-EAE9-8567-3967-2167219F2E4B}.Release|Win32.Build.0 = Release|Win32
		{38F8C2C0-C945-636E-79AF-3E0E17D7B5FF}.Debug|Win32.ActiveCfg = Debug|Win32
		{38F8C2C0-C945-636E-79AF-3E0E17D7B5FF}.Debug|Win32.Build.0 = Debug|Win32
		{38F8C2C0-C945-636E-79AF-3E0E17D7B5FF}.DebugE|Win32.ActiveCfg = DebugE|Win32
		{38F8C2C0-C945-636E-79AF-3E0E17D7B5FF}.DebugE|Win32.Build.0 = DebugE|Win32
		{38F8C2C0-C945-636E-79AF-3E0E17D7B5FF}.Profile|Win32.ActiveCfg = Profile|Win32
		{38F8C2C0-C945-636E-79AF-3E0E17D7B5FF}.Profile|Win32.Build.0 = Profile|Win32
		{38F8C2C0-C945-636E-79AF-3E0E17D7B5FF}.ProfileE|Win32.ActiveCfg = ProfileE|Win32
		{38F8C2C0-C945-636E-79AF-3E0E17D7B5FF}.ProfileE|Win32.Build.0 = ProfileE|Win32
		{38F8C2C0-C945-636E-79AF-3E0E17D7B5FF}.Release|Win32.ActiveCfg = Release|Win32
		{38F8C2C0-C945-636E-79AF-3E0E17D7B5FF}.Release|Win32.Build.0 = Release|Win32
		{4087FA2E-EC65-C624-5252-14DDE43C6828}.Debug|Win32.ActiveCfg = Debug|Win32
		{4087FA2E-EC65-C624-5252-14DDE43C6828}.Debug|Win32.Build.0 = Debug|Win32
		{4087FA2E-EC65-C624-5252-14DDE43C6828}.DebugE|Win32.ActiveCfg = Debug|Win32
		{4087FA2E-EC65-C624-5252-14DDE43C6828}.DebugE|Win32.Build.0 = Debug|Win32
		{4087FA2E-EC65-C624-5252-14DDE43C6828}.Profile|Win32.ActiveCfg = Release|Win32
		{4087FA2E-EC65-C624-5252-14DDE43C6828}.Profile|Win32.Build.0 = Release|Win32
		{4087FA2E-EC65-C624-5252-14DDE43C6828}.ProfileE|Win32.ActiveCfg = Release|Win32
		{4087FA2E-EC65-C624-5252-14DDE43C6828}.ProfileE|Win32.Build.0 = Release|Win32
		{4087FA2E-EC65-C624-5252-14DDE43C6828}.Release|Win32.ActiveCfg = Release|Win32
		{4087FA2E-EC65-C624-5252-14DDE43C6828}.Release|Win32.Build.0 = Release|Win32
		{DF523FA0-F6FF-2367-A3B5-B9E9A11DB370}.Debug|Win32.ActiveCfg = Debug|Win32
		{DF523FA0-F6FF-2367-A3B5-B9E9A11DB370}.Debug|Win32.Build.0 = Debug|Win32
		{DF523FA0-F6FF-2367-A3B5-B9E9A11DB370}.DebugE|Win32.ActiveCfg = Debug|Win32
		{DF523FA0-F6FF-2367-A3B5-B9E9A11DB370}.DebugE|Win32.Build.0 = Debug|Win32
		{DF523FA0-F6FF-2367-A3B5-B9E9A11DB370}.Profile|Win32.ActiveCfg = Profile|Win32
		{DF523FA0-F6FF-2367-A3B5-B9E9A11DB370}.Profile|Win32.Build.0 = Profile|Win32
		{DF523FA0-F6FF-2367-A3B5-B9E9A11DB370}.ProfileE|Win32.ActiveCfg = Profile|Win32
		{DF523FA0-F6FF-2367-A3B5-B9E9A11DB370}.ProfileE|Win32.Build.0 = Profile|Win32
		{DF523FA0-F6FF-2367-A3B5-B9E9A11DB370}.Release|Win32.ActiveCfg = Release|Win32
		{DF523FA0-F6FF-2367-A3B5-B9E9A11DB370}.Release|Win32.Build.0 = Release|Win32
		{DA852D56-235A-E429-4F3E-5CD34D93C197}.Debug|Win32.ActiveCfg = Debug|Win32
		{DA852D56-235A-E429-4F3E-5CD34D93C197}.Debug|Win32.Build.0 = Debug|Win32
		{DA852D56-235A-E429-4F3E-5CD34D93C197}.DebugE|Win32.ActiveCfg = Debug|Win32
		{DA852D56-235A-E429-4F3E-5CD34D93C197}.DebugE|Win32.Build.0 = Debug|Win32
		{DA852D56-235A-E429-4F3E-5CD34D93C197}.Profile|Win32.ActiveCfg = Profile|Win32
		{DA852D56-235A-E429-4F3E-5CD34D93C197}.Profile|Win32.Build.0 = Profile|Win32
		{DA852D56-235A-E429-4F3E-5CD34D93C197}.ProfileE|Win32.ActiveCfg = Profile|Win32
		{DA852D56-235A-E429-4F3E-5CD34D93C197}.ProfileE|Win32.Build.0 = Profile|Win32
		{DA852D56-235A-E429-4F3E-5CD34D93C197}.Release|Win32.ActiveCfg = Release|Win32
		{DA852D56-235A-E429-4F3E-5CD34D93C197}.Release|Win32.Build.0 = Release|Win32
		{DE619ECC-53DB-61E8-F6B9-0561E84BA898}.Debug|Win32.ActiveCfg = Debug|Win32
		{DE619ECC-53DB-61E8-F6B9-0561E84BA898}.Debug|Win32.Build.0 = Debug|Win32
		{DE619ECC-53DB-61E8-F6B9-0561E84BA898}.DebugE|Win32.ActiveCfg = DebugE|Win32
		{DE619ECC-53DB-61E8-F6B9-0561E84BA898}.DebugE|Win32.Build.0 = DebugE|Win32
		{DE619ECC-53DB-61E8-F6B9-0561E84BA898}.Profile|Win32.ActiveCfg = Profile|Win32
		{DE619ECC-53DB-61E8-F6B9-0561E84BA898}.Profile|Win32.Build.0 = Profile|Win32
		{DE619ECC-53DB-61E8-F6B9-0561E84BA898}.ProfileE|Win32.ActiveCfg = ProfileE|Win32
		{DE619ECC-53DB-61E8-F6B9-0561E84BA898}.ProfileE|Win32.Build.0 = ProfileE|Win32
		{DE619ECC-53DB-61E8-F6B9-0561E84BA898}.Release|Win32.ActiveCfg = Release|Win32
		{DE619ECC-53DB-61E8-F6B9-0561E84BA898}.Release|Win32.Build.0 = Release|Win32
		{8A49BC6C-6907-D6EC-EAA1-3E6730B0C985}.Debug|Win32.ActiveCfg = Debug|Win32
		{8A49BC6C-6907-D6EC-EAA1-3E6730B0C985}.Debug|Win32.Build.0 = Debug|Win32
		{8A49BC6C-6907-D6EC-EAA1-3E6730B0C985}.DebugE|Win32.ActiveCfg = Debug|Win32
		{8A49BC6C-6907-D6EC-EAA1-3E6730B0C985}.DebugE|Win32.Build.0 = Debug|Win32
		{8A49BC6C-6907-D6EC-EAA1-3E6730B0C985}.Profile|Win32.ActiveCfg = Profile|Win32
		{8A49BC6C-6907-D6EC-EAA1-3E6730B0C985}.Profile|Win32.Build.0 = Profile|Win32
		{8A49BC6C-6907-D6EC-EAA1-3E6730B0C985}.ProfileE|Win32.ActiveCfg = Profile|Win32
		{8A49BC6C-6907-D6EC-EAA1-3E6730B0C985}.ProfileE|Win32.Build.0 = Profile|Win32
		{8A49BC6C-6907-D6EC-EAA1-3E6730B0C985}.Release|Win32.ActiveCfg = Release|Win32
		{8A49BC6C-6907-D6EC-EAA1-3E6730B0C985}.Release|Win32.Build.0 = Release|Win32
		{636A7E28-8E93-6151-876E-4B9355618BF1}.Debug|Win32.ActiveCfg = Debug|Win32
		{636A7E28-8E93-6151-876E-4B9355618BF1}.Debug|Win32.Build.0 = Debug|Win32
		{636A7E28-8E93-6151-876E-4B9355618BF1}.DebugE|Win32.ActiveCfg = DebugE|Win32
		{636A7E28-8E93-6151-876E-4B9355618BF1}.DebugE|Win32.Build.0 = DebugE|Win32
		{636A7E28-8E93-6151-876E-4B9355618BF1}.Profile|Win32.ActiveCfg = Profile|Win32
		{636A7E28-8E93-6151-876E-4B9355618BF1}.Profile|Win32.Build.0 = Profile|Win32
		{636A7E28-8E93-6151-876E-4B9355618BF1}.ProfileE|Win32.ActiveCfg = ProfileE|Win32
		{636A7E28-8E93-6151-876E-4B9355618BF1}.ProfileE|Win32.Build.0 = ProfileE|Win32
		{636A7E28-8E93-6151-876E-4B9355618BF1}.Release|Win32.ActiveCfg = Release|Win32
		{636A7E28-8E93-6151-876E-4B9355618BF1}.Release|Win32.Build.0 = Release|Win32
		{8EEFC2D8-6F42-8CE4-367E-CEB0DED25426}.Debug|Win32.ActiveCfg = Debug|Win32
		{8EEFC2D8-6F42-8CE4-367E-CEB0DED25426}.Debug|Win32.Build.0 = Debug|Win32
		{8EEFC2D8-6F42-8CE4-367E-CEB0DED25426}.DebugE|Win32.ActiveCfg = Debug|Win32
		{8EEFC2D8-6F42-8CE4-367E-CEB0DED25426}.DebugE|Win32.Build.0 = Debug|Win32
		{8EEFC2D8-6F42-8CE4-367E-CEB0DED25426}.Profile|Win32.ActiveCfg = Profile|Win32
		{8EEFC2D8-6F42-8CE4-367E-CEB0DED25426}.Profile|Win32.Build.0 = Profile|Win32
		{8EEFC2D8-6F42-8CE4-367E-CEB0DED25426}.ProfileE|Win32.ActiveCfg = Profile|Win32
		{8EEFC2D8-6F42-8CE4-367E-CEB0DED25426}.ProfileE|Win32.Build.0 = Profile|Win32
		{8EEFC2D8-6F42-8CE4-367E-CEB0DED25426}.Release|Win32.ActiveCfg = Release|Win32
		{8EEFC2D8-6F42-8CE4-367E-CEB0DED25426}.Release|Win32.Build.0 = Release|Win32
		{3BB2AF52-92AC-5CD6-87B5-6C79295C6CB0}.Debug|Win32.ActiveCfg = Debug|Win32
		{3BB2AF52-92AC-5CD6-87B5-6C79295C6CB0}.Debug|Win32.Build.0 = Debug|Win32
		{3BB2AF52-92AC-5CD6-87B5-6C79295C6CB0}.DebugE|Win32.ActiveCfg = Debug|Win32
		{3BB2AF52-92AC-5CD6-87B5-6C79295C6CB0}.DebugE|Win32.Build.0 = Debug|Win32
		{3BB2AF52-92AC-5CD6-87B5-6C79295C6CB0}.Profile|Win32.ActiveCfg = Profile|Win32
		{3BB2AF52-92AC-5CD6-87B5-6C79295C6CB0}.Profile|Win32.Build.0 = Profile|Win32
		{3BB2AF52-92AC-5CD6-87B5-6C79295C6CB0}.ProfileE|Win32.ActiveCfg = Profile|Win32
		{3BB2AF52-92AC-5CD6-87B5-6C79295C6CB0}.ProfileE|Win32.Build.0 = Profile|Win32
		{3BB2AF52-92AC-5CD6-87B5-6C79295C6CB0}.Release|Win32.ActiveCfg = Release|Win32
		{3BB2AF52-92AC-5CD6-87B5-6C79295C6CB0}.Release|Win32.Build.0 = Release|Win32
		{B0CFF868-7C56-48BD-B73D-0AD251B0D85B}.Debug|Win32.ActiveCfg = Debug|Win32
		{B0CFF868-7C56-48BD-B73D-0AD251B0D85B}.Debug|Win32.Build.0 = Debug|Win32
		{B0CFF868-7C56-48BD-B73D-0AD251B0D85B}.DebugE|Win32.ActiveCfg = Debug|Win32
		{B0CFF868-7C56-48BD-B73D-0AD251B0D85B}.DebugE|Win32.Build.0 = Debug|Win32
		{B0CFF868-7C56-48BD-B73D-0AD251B0D85B}.Profile|Win32.ActiveCfg = Profile|Win32
		{B0CFF868-7C56-48BD-B73D-0AD251B0D85B}.Profile|Win32.Build.0 = Profile|Win32
		{B0CFF868-7C56-48BD-B73D-0AD251B0D85B}.ProfileE|Win32.ActiveCfg = Profile|Win32
		{B0CFF868-7C56-48BD-B73D-0AD251B0D85B}.ProfileE|Win32.Build.0 = Profile|Win32
		{B0CFF868-7C56-48BD-B73D-0AD251B0D85B}.Release|Win32.ActiveCfg = Release|Win32
		{B0CFF868-7C56-48BD-B73D-0AD251B0D85B}.Release|Win32.Build.0 = Release|Win32
		{D9D2F7B8-9E60-42CA-B4C7-6D414FB88805}.Debug|Win32.ActiveCfg = Debug|Win32
		{D9D2F7B8-9E60-42CA-B4C7-6D414FB88805}.Debug|Win32.Build.0 = Debug|Win32
		{D9D2F7B8-9E60-42CA-B4C7-6D414FB88805}.DebugE|Win32.ActiveCfg = DebugE|Win32
		{D9D2F7B8-9E60-42CA-B4C7-6D414FB88805}.DebugE|Win32.Build.0 = DebugE|Win32
		{D9D2F7B8-9E60-42CA-B4C7-6D414FB88805}.Profile|Win32.ActiveCfg = Profile|Win32
		{D9D2F7B8-9E60-42CA-B4C7-6D414FB88805}.Profile|Win32.Build.0 = Profile|Win32
		{D9D2F7B8-9E60-42CA-B4C7-6D414FB88805}.ProfileE|Win32.ActiveCfg = ProfileE|Win32
		{D9D2F7B8-9E60-42CA-B4C7-6D414FB88805}.ProfileE|Win32.Build.0 = ProfileE|Win32
		{D9D2F7B8-9E60-42CA-B4C7-6D414FB88805}.Release|Win32.ActiveCfg = Release|Win32
		{D9D2F7B8-9E60-42CA-B4C7-6D414FB88805}.Release|Win32.Build.0 = Release|Win32
		{AA54AA7A-A5AE-67BB-0A57-33AC0742124E}.Debug|Win32.ActiveCfg = Debug|Win32
		{AA54AA7A-A5AE-67BB-0A57-33AC0742124E}.Debug|Win32.Build.0 = Debug|Win32
		{AA54AA7A-A5AE-67BB-0A57-33AC0742124E}.DebugE|Win32.ActiveCfg = DebugE|Win32
		{AA54AA7A-A5AE-67BB-0A57-33AC0742124E}.DebugE|Win32.Build.0 = DebugE|Win32
		{AA54AA7A-A5AE-67BB-0A57-33AC0742124E}.Profile|Win32.ActiveCfg = Profile|Win32
		{AA54AA7A-A5AE-67BB-0A57-33AC0742124E}.Profile|Win32.Build.0 = Profile|Win32
		{AA54AA7A-A5AE-67BB-0A57-33AC0742124E}.ProfileE|Win32.ActiveCfg = ProfileE|Win32
		{AA54AA7A-A5AE-67BB-0A57-33AC0742124E}.ProfileE|Win32.Build.0 = ProfileE|Win32
		{AA54AA7A-A5AE-67BB-0A57-33AC0742124E}.Release|Win32.ActiveCfg = Release|Win32
		{AA54AA7A-A5AE-67BB-0A57-33AC0742124E}.Release|Win32.Build.0 = Release|Win32
		{F5B952F4-E8AD-F489-B366-5CE296194A6D}.Debug|Win32.ActiveCfg = Debug|Win32
		{F5B952F4-E8AD-F489-B366-5CE296194A6D}.Debug|Win32.Build.0 = Debug|Win32
		{F5B952F4-E8AD-F489-B366-5CE296194A6D}.DebugE|Win32.ActiveCfg = Debug|Win32
		{F5B952F4-E8AD-F489-B366-5CE296194A6D}.DebugE|Win32.Build.0 = Debug|Win32
		{F5B952F4-E8AD-F489-B366-5CE296194A6D}.Profile|Win32.ActiveCfg = Profile|Win32
		{F5B952F4-E8AD-F489-B366-5CE296194A6D}.Profile|Win32.Build.0 = Profile|Win32
		{F5B952F4-E8AD-F489-B366-5CE296194A6D}.ProfileE|Win32.ActiveCfg = Profile|Win32
		{F5B952F4-E8AD-F489-B366-5CE296194A6D}.ProfileE|Win32.Build.0 = Profile|Win32
		{F5B952F4-E8AD-F489-B366-5CE296194A6D}.Release|Win32.ActiveCfg = Release|Win32
		{F5B952F4-E8AD-F489-B366-5CE296194A6D}.Release|Win32.Build.0 = Release|Win32
		{C086B96B-61A5-A0AE-5A1C-977EF9965DA0}.Debug|Win32.ActiveCfg = Debug|Win32
		{C086B96B-61A5-A0AE-5A1C-977EF9965DA0}.Debug|Win32.Build.0 = Debug|Win32
		{C086B96B-61A5-A0AE-5A1C-977EF9965DA0}.DebugE|Win32.ActiveCfg = Debug|Win32
		{C086B96B-61A5-A0AE-5A1C-977EF9965DA0}.DebugE|Win32.Build.0 = Debug|Win32
		{C086B96B-61A5-A0AE-5A1C-977EF9965DA0}.Profile|Win32.ActiveCfg = Profile|Win32
		{C086B96B-61A5-A0AE-5A1C-977EF9965DA0}.Profile|Win32.Build.0 = Profile|Win32
		{C086B96B-61A5-A0AE-5A1C-977EF9965DA0}.ProfileE|Win32.ActiveCfg = Profile|Win32
		{C086B96B-61A5-A0AE-5A1C-977EF9965DA0}.ProfileE|Win32.Build.0 = Profile|Win32
		{C086B96B-61A5-A0AE-5A1C-977EF9965DA0}.Release|Win32.ActiveCfg = Release|Win32
		{C086B96B-61A5-A0AE-5A1C-977EF9965DA0}.Release|Win32.Build.0 = Release|Win32
		{978D74B4-B8AA-0581-6739-BD36078AC872}.Debug|Win32.ActiveCfg = Debug|Win32
		{978D74B4-B8AA-0581-6739-BD36078AC872}.Debug|Win32.Build.0 = Debug|Win32
		{978D74B4-B8AA-0581-6739-BD36078AC872}.DebugE|Win32.ActiveCfg = Debug|Win32
		{978D74B4-B8AA-0581-6739-BD36078AC872}.DebugE|Win32.Build.0 = Debug|Win32
		{978D74B4-B8AA-0581-6739-BD36078AC872}.Profile|Win32.ActiveCfg = Profile|Win32
		{978D74B4-B8AA-0581-6739-BD36078AC872}.Profile|Win32.Build.0 = Profile|Win32
		{978D74B4-B8AA-0581-6739-BD36078AC872}.ProfileE|Win32.ActiveCfg = Profile|Win32
		{978D74B4-B8AA-0581-6739-BD36078AC872}.ProfileE|Win32.Build.0 = Profile|Win32
		{978D74B4-B8AA-0581-6739-BD36078AC872}.Release|Win32.ActiveCfg = Release|Win32
		{978D74B4-B8AA-0581-6739-BD36078AC872}.Release|Win32.Build.0 = Release|Win32
	EndGlobalSection
	GlobalSection(SolutionProperties) = preSolution
		HideSolutionNode = FALSE
	EndGlobalSection
	GlobalSection(ExtensibilityGlobals) = postSolution
		SolutionGuid = {337A3BF8-C21C-44E7-B9A7-3D5DD1E10CC2}
	EndGlobalSection
EndGlobal
