<?xml version="1.0" encoding="utf-8"?>
<Project ToolsVersion="4.0" xmlns="http://schemas.microsoft.com/developer/msbuild/2003">
  <ItemGroup>
    <Filter Include="Source Files">
      <UniqueIdentifier>{07abbf34-4a16-433e-8b45-ff4aabf905b9}</UniqueIdentifier>
      <Extensions>cpp;c;cxx;rc;def;r;odl;idl;hpj;bat</Extensions>
    </Filter>
    <Filter Include="Header Files">
      <UniqueIdentifier>{1e14a4ab-9aa1-4635-b35b-920bd224a858}</UniqueIdentifier>
      <Extensions>h;hpp;hxx;hm;inl</Extensions>
    </Filter>
    <Filter Include="Resource Files">
      <UniqueIdentifier>{ee0d5315-f85b-4fe0-9b8a-7191257d1488}</UniqueIdentifier>
      <Extensions>ico;cur;bmp;dlg;rc2;rct;bin;cnt;rtf;gif;jpg;jpeg;jpe</Extensions>
    </Filter>
  </ItemGroup>
  <ItemGroup>
    <ClCompile Include="_assetmgr.cpp">
      <Filter>Source Files</Filter>
    </ClCompile>
    <ClCompile Include="_wwaudio.cpp">
      <Filter>Source Files</Filter>
    </ClCompile>
    <ClCompile Include="assetdatabase.cpp">
      <Filter>Source Files</Filter>
    </ClCompile>
    <ClCompile Include="assetpackagemgr.cpp">
      <Filter>Source Files</Filter>
    </ClCompile>
    <ClCompile Include="AttenuationSphere.cpp">
      <Filter>Source Files</Filter>
    </ClCompile>
    <ClCompile Include="Box3D.cpp">
      <Filter>Source Files</Filter>
    </ClCompile>
    <ClCompile Include="buildingchildnode.cpp">
      <Filter>Source Files</Filter>
    </ClCompile>
    <ClCompile Include="BuildingNode.cpp">
      <Filter>Source Files</Filter>
    </ClCompile>
    <ClCompile Include="CameraMgr.cpp">
      <Filter>Source Files</Filter>
    </ClCompile>
    <ClCompile Include="CameraSettingsForm.cpp">
      <Filter>Source Files</Filter>
    </ClCompile>
    <ClCompile Include="CheckingOutDialog.cpp">
      <Filter>Source Files</Filter>
    </ClCompile>
    <ClCompile Include="CheckinStyleDialog.cpp">
      <Filter>Source Files</Filter>
    </ClCompile>
    <ClCompile Include="ChooseModPackageDialog.cpp">
      <Filter>Source Files</Filter>
    </ClCompile>
    <ClCompile Include="ColorBar.cpp">
      <Filter>Source Files</Filter>
    </ClCompile>
    <ClCompile Include="ColorPicker.cpp">
      <Filter>Source Files</Filter>
    </ClCompile>
    <ClCompile Include="ColorPickerDialogClass.cpp">
      <Filter>Source Files</Filter>
    </ClCompile>
    <ClCompile Include="ColorUtils.cpp">
      <Filter>Source Files</Filter>
    </ClCompile>
    <ClCompile Include="ConversationEditorMgr.cpp">
      <Filter>Source Files</Filter>
    </ClCompile>
    <ClCompile Include="ConversationPage.cpp">
      <Filter>Source Files</Filter>
    </ClCompile>
    <ClCompile Include="ConversationPickerDialog.cpp">
      <Filter>Source Files</Filter>
    </ClCompile>
    <ClCompile Include="CoverAttackPointNode.cpp">
      <Filter>Source Files</Filter>
    </ClCompile>
    <ClCompile Include="CoverSpotDefinition.cpp">
      <Filter>Source Files</Filter>
    </ClCompile>
    <ClCompile Include="CoverSpotInfoPage.cpp">
      <Filter>Source Files</Filter>
    </ClCompile>
    <ClCompile Include="CoverSpotNode.cpp">
      <Filter>Source Files</Filter>
    </ClCompile>
    <ClCompile Include="DamageZoneNode.cpp">
      <Filter>Source Files</Filter>
    </ClCompile>
    <ClCompile Include="DefinitionUtils.cpp">
      <Filter>Source Files</Filter>
    </ClCompile>
    <ClCompile Include="DeviceSelectionDialog.cpp">
      <Filter>Source Files</Filter>
    </ClCompile>
    <ClCompile Include="DialogToolbar.cpp">
      <Filter>Source Files</Filter>
    </ClCompile>
    <ClCompile Include="DockableForm.cpp">
      <Filter>Source Files</Filter>
    </ClCompile>
    <ClCompile Include="DummyObjectDefinition.cpp">
      <Filter>Source Files</Filter>
    </ClCompile>
    <ClCompile Include="DummyObjectNode.cpp">
      <Filter>Source Files</Filter>
    </ClCompile>
    <ClCompile Include="editableheightfield.cpp">
      <Filter>Source Files</Filter>
    </ClCompile>
    <ClCompile Include="EditConversationDialog.cpp">
      <Filter>Source Files</Filter>
    </ClCompile>
    <ClCompile Include="EditConversationListDialog.cpp">
      <Filter>Source Files</Filter>
    </ClCompile>
    <ClCompile Include="EditConversationRemarkDialog.cpp">
      <Filter>Source Files</Filter>
    </ClCompile>
    <ClCompile Include="EditDialogueDialog.cpp">
      <Filter>Source Files</Filter>
    </ClCompile>
    <ClCompile Include="EditFilenameListDialog.cpp">
      <Filter>Source Files</Filter>
    </ClCompile>
    <ClCompile Include="EditorAssetMgr.cpp">
      <Filter>Source Files</Filter>
    </ClCompile>
    <ClCompile Include="EditorINI.cpp">
      <Filter>Source Files</Filter>
    </ClCompile>
    <ClCompile Include="editormixfile.cpp">
      <Filter>Source Files</Filter>
    </ClCompile>
    <ClCompile Include="editoronlydefinition.cpp">
      <Filter>Source Files</Filter>
    </ClCompile>
    <ClCompile Include="editoronlyobjectnode.cpp">
      <Filter>Source Files</Filter>
    </ClCompile>
    <ClCompile Include="EditorPhys.cpp">
      <Filter>Source Files</Filter>
    </ClCompile>
    <ClCompile Include="EditorPropSheet.cpp">
      <Filter>Source Files</Filter>
    </ClCompile>
    <ClCompile Include="EditorSaveLoad.cpp">
      <Filter>Source Files</Filter>
    </ClCompile>
    <ClCompile Include="EditRemarkDialog.cpp">
      <Filter>Source Files</Filter>
    </ClCompile>
    <ClCompile Include="EditScript.cpp">
      <Filter>Source Files</Filter>
    </ClCompile>
    <ClCompile Include="EditStringDialog.cpp">
      <Filter>Source Files</Filter>
    </ClCompile>
    <ClCompile Include="EditStringTwiddlerDialog.cpp">
      <Filter>Source Files</Filter>
    </ClCompile>
    <ClCompile Include="excel.cpp">
      <Filter>Source Files</Filter>
    </ClCompile>
    <ClCompile Include="excel8.cpp">
      <Filter>Source Files</Filter>
    </ClCompile>
    <ClCompile Include="Export.cpp">
      <Filter>Source Files</Filter>
    </ClCompile>
    <ClCompile Include="ExportPresetsDialog.cpp">
      <Filter>Source Files</Filter>
    </ClCompile>
    <ClCompile Include="FileMgr.cpp">
      <Filter>Source Files</Filter>
    </ClCompile>
    <ClCompile Include="FilePicker.cpp">
      <Filter>Source Files</Filter>
    </ClCompile>
    <ClCompile Include="FormToolbar.cpp">
      <Filter>Source Files</Filter>
    </ClCompile>
    <ClCompile Include="GenerateBaseDialog.cpp">
      <Filter>Source Files</Filter>
    </ClCompile>
    <ClCompile Include="GenerateVisDialog.cpp">
      <Filter>Source Files</Filter>
    </ClCompile>
    <ClCompile Include="GeneratingEdgeSampledVisDialog.cpp">
      <Filter>Source Files</Filter>
    </ClCompile>
    <ClCompile Include="GeneratingLightVisDialog.cpp">
      <Filter>Source Files</Filter>
    </ClCompile>
    <ClCompile Include="GeneratingManualVisDialog.cpp">
      <Filter>Source Files</Filter>
    </ClCompile>
    <ClCompile Include="GeneratingPathfindDialog.cpp">
      <Filter>Source Files</Filter>
    </ClCompile>
    <ClCompile Include="GeneratingVisDialog.cpp">
      <Filter>Source Files</Filter>
    </ClCompile>
    <ClCompile Include="GenericTextDialog.cpp">
      <Filter>Source Files</Filter>
    </ClCompile>
    <ClCompile Include="GotoGroupDialog.cpp">
      <Filter>Source Files</Filter>
    </ClCompile>
    <ClCompile Include="GotoLocationDialog.cpp">
      <Filter>Source Files</Filter>
    </ClCompile>
    <ClCompile Include="GotoObjectByIDDialog.cpp">
      <Filter>Source Files</Filter>
    </ClCompile>
    <ClCompile Include="GotoObjectDialog.cpp">
      <Filter>Source Files</Filter>
    </ClCompile>
    <ClCompile Include="GrabHandles.cpp">
      <Filter>Source Files</Filter>
    </ClCompile>
    <ClCompile Include="GroupMgr.cpp">
      <Filter>Source Files</Filter>
    </ClCompile>
    <ClCompile Include="heightfieldeditor.cpp">
      <Filter>Source Files</Filter>
    </ClCompile>
    <ClCompile Include="HeightfieldMaterialSettingsDialog.cpp">
      <Filter>Source Files</Filter>
    </ClCompile>
    <ClCompile Include="heightfieldmgr.cpp">
      <Filter>Source Files</Filter>
    </ClCompile>
    <ClCompile Include="heightfieldpage.cpp">
      <Filter>Source Files</Filter>
    </ClCompile>
    <ClCompile Include="HistogramCtl.cpp">
      <Filter>Source Files</Filter>
    </ClCompile>
    <ClCompile Include="Icons.cpp">
      <Filter>Source Files</Filter>
    </ClCompile>
    <ClCompile Include="ImportTranslationDialog.cpp">
      <Filter>Source Files</Filter>
    </ClCompile>
    <ClCompile Include="IncludeFilesDialog.cpp">
      <Filter>Source Files</Filter>
    </ClCompile>
    <ClCompile Include="InstancesPage.cpp">
      <Filter>Source Files</Filter>
    </ClCompile>
    <ClCompile Include="LevelEdit.cpp">
      <Filter>Source Files</Filter>
    </ClCompile>
    <ClCompile Include="LevelEditDoc.cpp">
      <Filter>Source Files</Filter>
    </ClCompile>
    <ClCompile Include="LevelEditView.cpp">
      <Filter>Source Files</Filter>
    </ClCompile>
    <ClCompile Include="LevelSettingsDialog.cpp">
      <Filter>Source Files</Filter>
    </ClCompile>
    <ClCompile Include="LightAmbientForm.cpp">
      <Filter>Source Files</Filter>
    </ClCompile>
    <ClCompile Include="LightDefinition.cpp">
      <Filter>Source Files</Filter>
    </ClCompile>
    <ClCompile Include="LightNode.cpp">
      <Filter>Source Files</Filter>
    </ClCompile>
    <ClCompile Include="LightSolveOptionsDialog.cpp">
      <Filter>Source Files</Filter>
    </ClCompile>
    <ClCompile Include="LightSolveProgressDialog.cpp">
      <Filter>Source Files</Filter>
    </ClCompile>
    <ClCompile Include="lightsolvesavesystem.cpp">
      <Filter>Source Files</Filter>
    </ClCompile>
    <ClCompile Include="LODSettingsDialog.cpp">
      <Filter>Source Files</Filter>
    </ClCompile>
    <ClCompile Include="MainDialogBar.cpp">
      <Filter>Source Files</Filter>
    </ClCompile>
    <ClCompile Include="MainFrm.cpp">
      <Filter>Source Files</Filter>
    </ClCompile>
    <ClCompile Include="MemLogDialog.cpp">
      <Filter>Source Files</Filter>
    </ClCompile>
    <ClCompile Include="MissingTranslationReportDialog.cpp">
      <Filter>Source Files</Filter>
    </ClCompile>
    <ClCompile Include="mixfiledatabase.cpp">
      <Filter>Source Files</Filter>
    </ClCompile>
    <ClCompile Include="ModelUtils.cpp">
      <Filter>Source Files</Filter>
    </ClCompile>
    <ClCompile Include="MouseMgr.cpp">
      <Filter>Source Files</Filter>
    </ClCompile>
    <ClCompile Include="Mover.cpp">
      <Filter>Source Files</Filter>
    </ClCompile>
    <ClCompile Include="MusicPropPage.cpp">
      <Filter>Source Files</Filter>
    </ClCompile>
    <ClCompile Include="NewAssetPackageDialog.cpp">
      <Filter>Source Files</Filter>
    </ClCompile>
    <ClCompile Include="NewHeightfieldDialog.cpp">
      <Filter>Source Files</Filter>
    </ClCompile>
    <ClCompile Include="Node.cpp">
      <Filter>Source Files</Filter>
    </ClCompile>
    <ClCompile Include="NodeIDStartDialog.cpp">
      <Filter>Source Files</Filter>
    </ClCompile>
    <ClCompile Include="NodeInfoPage.cpp">
      <Filter>Source Files</Filter>
    </ClCompile>
    <ClCompile Include="NodeMgr.cpp">
      <Filter>Source Files</Filter>
    </ClCompile>
    <ClCompile Include="NodeScriptsPropPage.cpp">
      <Filter>Source Files</Filter>
    </ClCompile>
    <ClCompile Include="ObjectNode.cpp">
      <Filter>Source Files</Filter>
    </ClCompile>
    <ClCompile Include="OptimizingVisDialog.cpp">
      <Filter>Source Files</Filter>
    </ClCompile>
    <ClCompile Include="OutputForm.cpp">
      <Filter>Source Files</Filter>
    </ClCompile>
    <ClCompile Include="OverlapPage.cpp">
      <Filter>Source Files</Filter>
    </ClCompile>
    <ClCompile Include="ParameterCtrls.cpp">
      <Filter>Source Files</Filter>
    </ClCompile>
    <ClCompile Include="ParameterInheritanceDialog.cpp">
      <Filter>Source Files</Filter>
    </ClCompile>
    <ClCompile Include="PathfindSectorBuilder.cpp">
      <Filter>Source Files</Filter>
    </ClCompile>
    <ClCompile Include="PathfindStartDefinition.cpp">
      <Filter>Source Files</Filter>
    </ClCompile>
    <ClCompile Include="PathfindStartNode.cpp">
      <Filter>Source Files</Filter>
    </ClCompile>
    <ClCompile Include="PhysObjectEditDialog.cpp">
      <Filter>Source Files</Filter>
    </ClCompile>
    <ClCompile Include="PhysObjEditTab.cpp">
      <Filter>Source Files</Filter>
    </ClCompile>
    <ClCompile Include="Picker.cpp">
      <Filter>Source Files</Filter>
    </ClCompile>
    <ClCompile Include="PlaySoundDialog.cpp">
      <Filter>Source Files</Filter>
    </ClCompile>
    <ClCompile Include="PositionPage.cpp">
      <Filter>Source Files</Filter>
    </ClCompile>
    <ClCompile Include="Preset.cpp">
      <Filter>Source Files</Filter>
    </ClCompile>
    <ClCompile Include="PresetDependencyTab.cpp">
      <Filter>Source Files</Filter>
    </ClCompile>
    <ClCompile Include="PresetDialogueTab.cpp">
      <Filter>Source Files</Filter>
    </ClCompile>
    <ClCompile Include="PresetExport.cpp">
      <Filter>Source Files</Filter>
    </ClCompile>
    <ClCompile Include="PresetGeneralTab.cpp">
      <Filter>Source Files</Filter>
    </ClCompile>
    <ClCompile Include="PresetListDialog.cpp">
      <Filter>Source Files</Filter>
    </ClCompile>
    <ClCompile Include="PresetLogger.cpp">
      <Filter>Source Files</Filter>
    </ClCompile>
    <ClCompile Include="PresetMgr.cpp">
      <Filter>Source Files</Filter>
    </ClCompile>
    <ClCompile Include="PresetPicker.cpp">
      <Filter>Source Files</Filter>
    </ClCompile>
    <ClCompile Include="PresetPropSheet.cpp">
      <Filter>Source Files</Filter>
    </ClCompile>
    <ClCompile Include="PresetRemapDialog.cpp">
      <Filter>Source Files</Filter>
    </ClCompile>
    <ClCompile Include="PresetSettingsTab.cpp">
      <Filter>Source Files</Filter>
    </ClCompile>
    <ClCompile Include="PresetsLibForm.cpp">
      <Filter>Source Files</Filter>
    </ClCompile>
    <ClCompile Include="PresetTransitionTab.cpp">
      <Filter>Source Files</Filter>
    </ClCompile>
    <ClCompile Include="PresetZoneTab.cpp">
      <Filter>Source Files</Filter>
    </ClCompile>
    <ClCompile Include="ProfileSection.cpp">
      <Filter>Source Files</Filter>
    </ClCompile>
    <ClCompile Include="ProgressUI.cpp">
      <Filter>Source Files</Filter>
    </ClCompile>
    <ClCompile Include="rcstringextractor.cpp">
      <Filter>Source Files</Filter>
    </ClCompile>
    <ClCompile Include="reportmgr.cpp">
      <Filter>Source Files</Filter>
    </ClCompile>
    <ClCompile Include="SceneEditor.cpp">
      <Filter>Source Files</Filter>
    </ClCompile>
    <ClCompile Include="ScriptEditDialog.cpp">
      <Filter>Source Files</Filter>
    </ClCompile>
    <ClCompile Include="ScriptMgr.cpp">
      <Filter>Source Files</Filter>
    </ClCompile>
    <ClCompile Include="SelectionBox.cpp">
      <Filter>Source Files</Filter>
    </ClCompile>
    <ClCompile Include="SelectPresetDialog.cpp">
      <Filter>Source Files</Filter>
    </ClCompile>
    <ClCompile Include="SkyPropPage.cpp">
      <Filter>Source Files</Filter>
    </ClCompile>
    <ClCompile Include="SoundNode.cpp">
      <Filter>Source Files</Filter>
    </ClCompile>
    <ClCompile Include="SoundSettingsPage.cpp">
      <Filter>Source Files</Filter>
    </ClCompile>
    <ClCompile Include="SpawnerNode.cpp">
      <Filter>Source Files</Filter>
    </ClCompile>
    <ClCompile Include="SpawnPointNode.cpp">
      <Filter>Source Files</Filter>
    </ClCompile>
    <ClCompile Include="SpecSheet.cpp">
      <Filter>Source Files</Filter>
    </ClCompile>
    <ClCompile Include="Splash.cpp">
      <Filter>Source Files</Filter>
    </ClCompile>
    <ClCompile Include="SplashScreen.cpp">
      <Filter>Source Files</Filter>
    </ClCompile>
    <ClCompile Include="StdAfx.cpp">
      <Filter>Source Files</Filter>
    </ClCompile>
    <ClCompile Include="StringLibraryDialog.cpp">
      <Filter>Source Files</Filter>
    </ClCompile>
    <ClCompile Include="StringPicker.cpp">
      <Filter>Source Files</Filter>
    </ClCompile>
    <ClCompile Include="StringPickerDialog.cpp">
      <Filter>Source Files</Filter>
    </ClCompile>
    <ClCompile Include="StringPickerMainDialog.cpp">
      <Filter>Source Files</Filter>
    </ClCompile>
    <ClCompile Include="StringsCategoryNameDialog.cpp">
      <Filter>Source Files</Filter>
    </ClCompile>
    <ClCompile Include="StringsCategoryViewDialog.cpp">
      <Filter>Source Files</Filter>
    </ClCompile>
    <ClCompile Include="stringsmgr.cpp">
      <Filter>Source Files</Filter>
    </ClCompile>
    <ClCompile Include="SunlightDialog.cpp">
      <Filter>Source Files</Filter>
    </ClCompile>
    <ClCompile Include="TerrainDefinition.cpp">
      <Filter>Source Files</Filter>
    </ClCompile>
    <ClCompile Include="TerrainLODPage.cpp">
      <Filter>Source Files</Filter>
    </ClCompile>
    <ClCompile Include="TerrainNode.cpp">
      <Filter>Source Files</Filter>
    </ClCompile>
    <ClCompile Include="TerrainSectionPersist.cpp">
      <Filter>Source Files</Filter>
    </ClCompile>
    <ClCompile Include="test.cpp">
      <Filter>Source Files</Filter>
    </ClCompile>
    <ClCompile Include="TGAToDXT.cpp">
      <Filter>Source Files</Filter>
    </ClCompile>
    <ClCompile Include="TileDefinition.cpp">
      <Filter>Source Files</Filter>
    </ClCompile>
    <ClCompile Include="TileNode.cpp">
      <Filter>Source Files</Filter>
    </ClCompile>
    <ClCompile Include="TransitionEditDialog.cpp">
      <Filter>Source Files</Filter>
    </ClCompile>
    <ClCompile Include="TransitionNode.cpp">
      <Filter>Source Files</Filter>
    </ClCompile>
    <ClCompile Include="TranslationExportDialog.cpp">
      <Filter>Source Files</Filter>
    </ClCompile>
    <ClCompile Include="UIThread.cpp">
      <Filter>Source Files</Filter>
    </ClCompile>
    <ClCompile Include="UndoMgr.cpp">
      <Filter>Source Files</Filter>
    </ClCompile>
    <ClCompile Include="UniqueList.cpp">
      <Filter>Source Files</Filter>
    </ClCompile>
    <ClCompile Include="UpdateAssetsDialog.cpp">
      <Filter>Source Files</Filter>
    </ClCompile>
    <ClCompile Include="UpdatePresetDialog.cpp">
      <Filter>Source Files</Filter>
    </ClCompile>
    <ClCompile Include="UpdatingDBDialog.cpp">
      <Filter>Source Files</Filter>
    </ClCompile>
    <ClCompile Include="Utils.cpp">
      <Filter>Source Files</Filter>
    </ClCompile>
    <ClCompile Include="ValueListDialog.cpp">
      <Filter>Source Files</Filter>
    </ClCompile>
    <ClCompile Include="Vector3Dialog.cpp">
      <Filter>Source Files</Filter>
    </ClCompile>
    <ClCompile Include="VisErrorReportDialog.cpp">
      <Filter>Source Files</Filter>
    </ClCompile>
    <ClCompile Include="VisLog.cpp">
      <Filter>Source Files</Filter>
    </ClCompile>
    <ClCompile Include="VisMgr.cpp">
      <Filter>Source Files</Filter>
    </ClCompile>
    <ClCompile Include="VisPointDefinition.cpp">
      <Filter>Source Files</Filter>
    </ClCompile>
    <ClCompile Include="VisPointGenerator.cpp">
      <Filter>Source Files</Filter>
    </ClCompile>
    <ClCompile Include="VisPointNode.cpp">
      <Filter>Source Files</Filter>
    </ClCompile>
    <ClCompile Include="VisSectorSampler.cpp">
      <Filter>Source Files</Filter>
    </ClCompile>
    <ClCompile Include="VisStatsDialog.cpp">
      <Filter>Source Files</Filter>
    </ClCompile>
    <ClCompile Include="VisualOptionsDialog.cpp">
      <Filter>Source Files</Filter>
    </ClCompile>
    <ClCompile Include="VisWindowDialog.cpp">
      <Filter>Source Files</Filter>
    </ClCompile>
    <ClCompile Include="vss_i.c">
      <Filter>Source Files</Filter>
    </ClCompile>
    <ClCompile Include="VSSClass.cpp">
      <Filter>Source Files</Filter>
    </ClCompile>
    <ClCompile Include="WaypathDefinition.cpp">
      <Filter>Source Files</Filter>
    </ClCompile>
    <ClCompile Include="WaypathInfoPage.cpp">
      <Filter>Source Files</Filter>
    </ClCompile>
    <ClCompile Include="WaypathNode.cpp">
      <Filter>Source Files</Filter>
    </ClCompile>
    <ClCompile Include="WaypointNode.cpp">
      <Filter>Source Files</Filter>
    </ClCompile>
    <ClCompile Include="WeatherPropPage.cpp">
      <Filter>Source Files</Filter>
    </ClCompile>
    <ClCompile Include="WelcomeDialog.cpp">
      <Filter>Source Files</Filter>
    </ClCompile>
    <ClCompile Include="ZoneEditDialog.cpp">
      <Filter>Source Files</Filter>
    </ClCompile>
    <ClCompile Include="ZoneInfoPage.cpp">
      <Filter>Source Files</Filter>
    </ClCompile>
    <ClCompile Include="ZoneNode.cpp">
      <Filter>Source Files</Filter>
    </ClCompile>
  </ItemGroup>
  <ItemGroup>
    <ResourceCompile Include="LevelEdit.rc">
      <Filter>Source Files</Filter>
    </ResourceCompile>
  </ItemGroup>
  <ItemGroup>
    <Midl Include="VSS.IDL">
      <Filter>Source Files</Filter>
    </Midl>
  </ItemGroup>
  <ItemGroup>
    <ClInclude Include="_assetmgr.h">
      <Filter>Header Files</Filter>
    </ClInclude>
    <ClInclude Include="_wwaudio.h">
      <Filter>Header Files</Filter>
    </ClInclude>
    <ClInclude Include="assetdatabase.h">
      <Filter>Header Files</Filter>
    </ClInclude>
    <ClInclude Include="assetpackagemgr.h">
      <Filter>Header Files</Filter>
    </ClInclude>
    <ClInclude Include="AttenuationSphere.h">
      <Filter>Header Files</Filter>
    </ClInclude>
    <ClInclude Include="Box3D.h">
      <Filter>Header Files</Filter>
    </ClInclude>
    <ClInclude Include="buildingchildnode.h">
      <Filter>Header Files</Filter>
    </ClInclude>
    <ClInclude Include="BuildingNode.h">
      <Filter>Header Files</Filter>
    </ClInclude>
    <ClInclude Include="CameraMgr.h">
      <Filter>Header Files</Filter>
    </ClInclude>
    <ClInclude Include="camerasettingsform.h">
      <Filter>Header Files</Filter>
    </ClInclude>
    <ClInclude Include="CheckingOutDialog.h">
      <Filter>Header Files</Filter>
    </ClInclude>
    <ClInclude Include="CheckinStyleDialog.h">
      <Filter>Header Files</Filter>
    </ClInclude>
    <ClInclude Include="ChooseModPackageDialog.h">
      <Filter>Header Files</Filter>
    </ClInclude>
    <ClInclude Include="CollisionGroups.h">
      <Filter>Header Files</Filter>
    </ClInclude>
    <ClInclude Include="ColorBar.h">
      <Filter>Header Files</Filter>
    </ClInclude>
    <ClInclude Include="ColorPicker.h">
      <Filter>Header Files</Filter>
    </ClInclude>
    <ClInclude Include="ColorPickerDialogClass.h">
      <Filter>Header Files</Filter>
    </ClInclude>
    <ClInclude Include="ColorUtils.h">
      <Filter>Header Files</Filter>
    </ClInclude>
    <ClInclude Include="ConversationEditorMgr.h">
      <Filter>Header Files</Filter>
    </ClInclude>
    <ClInclude Include="ConversationPage.h">
      <Filter>Header Files</Filter>
    </ClInclude>
    <ClInclude Include="ConversationPickerDialog.h">
      <Filter>Header Files</Filter>
    </ClInclude>
    <ClInclude Include="CoverAttackPointNode.h">
      <Filter>Header Files</Filter>
    </ClInclude>
    <ClInclude Include="CoverSpotDefinition.h">
      <Filter>Header Files</Filter>
    </ClInclude>
    <ClInclude Include="CoverSpotInfoPage.h">
      <Filter>Header Files</Filter>
    </ClInclude>
    <ClInclude Include="CoverSpotNode.h">
      <Filter>Header Files</Filter>
    </ClInclude>
    <ClInclude Include="DamageZoneNode.h">
      <Filter>Header Files</Filter>
    </ClInclude>
    <ClInclude Include="DefinitionParameter.h">
      <Filter>Header Files</Filter>
    </ClInclude>
    <ClInclude Include="DefinitionUtils.h">
      <Filter>Header Files</Filter>
    </ClInclude>
    <ClInclude Include="DeviceSelectionDialog.h">
      <Filter>Header Files</Filter>
    </ClInclude>
    <ClInclude Include="DialogToolbar.h">
      <Filter>Header Files</Filter>
    </ClInclude>
    <ClInclude Include="DockableForm.h">
      <Filter>Header Files</Filter>
    </ClInclude>
    <ClInclude Include="DummyObject.h">
      <Filter>Header Files</Filter>
    </ClInclude>
    <ClInclude Include="DummyObjectDefinition.h">
      <Filter>Header Files</Filter>
    </ClInclude>
    <ClInclude Include="DummyObjectNode.h">
      <Filter>Header Files</Filter>
    </ClInclude>
    <ClInclude Include="editableheightfield.h">
      <Filter>Header Files</Filter>
    </ClInclude>
    <ClInclude Include="EditConversationDialog.h">
      <Filter>Header Files</Filter>
    </ClInclude>
    <ClInclude Include="EditConversationListDialog.h">
      <Filter>Header Files</Filter>
    </ClInclude>
    <ClInclude Include="EditConversationRemarkDialog.h">
      <Filter>Header Files</Filter>
    </ClInclude>
    <ClInclude Include="EditDialogueDialog.h">
      <Filter>Header Files</Filter>
    </ClInclude>
    <ClInclude Include="EditFilenameListDialog.h">
      <Filter>Header Files</Filter>
    </ClInclude>
    <ClInclude Include="EditorAssetMgr.h">
      <Filter>Header Files</Filter>
    </ClInclude>
    <ClInclude Include="editorbuild.h">
      <Filter>Header Files</Filter>
    </ClInclude>
    <ClInclude Include="EditorChunkIDs.h">
      <Filter>Header Files</Filter>
    </ClInclude>
    <ClInclude Include="EditorINI.h">
      <Filter>Header Files</Filter>
    </ClInclude>
    <ClInclude Include="EditorLine.h">
      <Filter>Header Files</Filter>
    </ClInclude>
    <ClInclude Include="editormixfile.h">
      <Filter>Header Files</Filter>
    </ClInclude>
    <ClInclude Include="editoronlydefinition.h">
      <Filter>Header Files</Filter>
    </ClInclude>
    <ClInclude Include="editoronlyobjectnode.h">
      <Filter>Header Files</Filter>
    </ClInclude>
    <ClInclude Include="EditorPhys.h">
      <Filter>Header Files</Filter>
    </ClInclude>
    <ClInclude Include="EditorPropSheet.h">
      <Filter>Header Files</Filter>
    </ClInclude>
    <ClInclude Include="EditorSaveLoad.h">
      <Filter>Header Files</Filter>
    </ClInclude>
    <ClInclude Include="EditRemarkDialog.h">
      <Filter>Header Files</Filter>
    </ClInclude>
    <ClInclude Include="EditScript.h">
      <Filter>Header Files</Filter>
    </ClInclude>
    <ClInclude Include="EditStringDialog.h">
      <Filter>Header Files</Filter>
    </ClInclude>
    <ClInclude Include="excel.h">
      <Filter>Header Files</Filter>
    </ClInclude>
    <ClInclude Include="excel8.h">
      <Filter>Header Files</Filter>
    </ClInclude>
    <ClInclude Include="Export.h">
      <Filter>Header Files</Filter>
    </ClInclude>
    <ClInclude Include="ExportPresetsDialog.h">
      <Filter>Header Files</Filter>
    </ClInclude>
    <ClInclude Include="FileLocations.h">
      <Filter>Header Files</Filter>
    </ClInclude>
    <ClInclude Include="FileMgr.h">
      <Filter>Header Files</Filter>
    </ClInclude>
    <ClInclude Include="FilePicker.h">
      <Filter>Header Files</Filter>
    </ClInclude>
    <ClInclude Include="FormToolbar.h">
      <Filter>Header Files</Filter>
    </ClInclude>
    <ClInclude Include="GenerateBaseDialog.h">
      <Filter>Header Files</Filter>
    </ClInclude>
    <ClInclude Include="GenerateVisDialog.h">
      <Filter>Header Files</Filter>
    </ClInclude>
    <ClInclude Include="GeneratingEdgeSampledVisDialog.h">
      <Filter>Header Files</Filter>
    </ClInclude>
    <ClInclude Include="GeneratingLightVisDialog.h">
      <Filter>Header Files</Filter>
    </ClInclude>
    <ClInclude Include="GeneratingManualVisDialog.h">
      <Filter>Header Files</Filter>
    </ClInclude>
    <ClInclude Include="GeneratingPathfindDialog.h">
      <Filter>Header Files</Filter>
    </ClInclude>
    <ClInclude Include="GeneratingVisDialog.h">
      <Filter>Header Files</Filter>
    </ClInclude>
    <ClInclude Include="GenericTextDialog.h">
      <Filter>Header Files</Filter>
    </ClInclude>
    <ClInclude Include="GotoGroupDialog.h">
      <Filter>Header Files</Filter>
    </ClInclude>
    <ClInclude Include="GotoLocationDialog.h">
      <Filter>Header Files</Filter>
    </ClInclude>
    <ClInclude Include="GotoObjectByIDDialog.h">
      <Filter>Header Files</Filter>
    </ClInclude>
    <ClInclude Include="GotoObjectDialog.h">
      <Filter>Header Files</Filter>
    </ClInclude>
    <ClInclude Include="GrabHandles.h">
      <Filter>Header Files</Filter>
    </ClInclude>
    <ClInclude Include="Grid3D.h">
      <Filter>Header Files</Filter>
    </ClInclude>
    <ClInclude Include="GroupMgr.h">
      <Filter>Header Files</Filter>
    </ClInclude>
    <ClInclude Include="heightfieldeditor.h">
      <Filter>Header Files</Filter>
    </ClInclude>
    <ClInclude Include="HeightfieldMaterialSettingsDialog.h">
      <Filter>Header Files</Filter>
    </ClInclude>
    <ClInclude Include="heightfieldmgr.h">
      <Filter>Header Files</Filter>
    </ClInclude>
    <ClInclude Include="heightfieldpage.h">
      <Filter>Header Files</Filter>
    </ClInclude>
    <ClInclude Include="HistogramCtl.h">
      <Filter>Header Files</Filter>
    </ClInclude>
    <ClInclude Include="HitTestInfo.h">
      <Filter>Header Files</Filter>
    </ClInclude>
    <ClInclude Include="Icons.h">
      <Filter>Header Files</Filter>
    </ClInclude>
    <ClInclude Include="ImportTranslationDialog.h">
      <Filter>Header Files</Filter>
    </ClInclude>
    <ClInclude Include="IncludeFilesDialog.h">
      <Filter>Header Files</Filter>
    </ClInclude>
    <ClInclude Include="INISections.h">
      <Filter>Header Files</Filter>
    </ClInclude>
    <ClInclude Include="InstancesPage.h">
      <Filter>Header Files</Filter>
    </ClInclude>
    <ClInclude Include="LevelEdit.h">
      <Filter>Header Files</Filter>
    </ClInclude>
    <ClInclude Include="LevelEditDoc.h">
      <Filter>Header Files</Filter>
    </ClInclude>
    <ClInclude Include="LevelEditView.h">
      <Filter>Header Files</Filter>
    </ClInclude>
    <ClInclude Include="LevelFeature.h">
      <Filter>Header Files</Filter>
    </ClInclude>
    <ClInclude Include="LevelSettingsDialog.h">
      <Filter>Header Files</Filter>
    </ClInclude>
    <ClInclude Include="LightAmbientForm.h">
      <Filter>Header Files</Filter>
    </ClInclude>
    <ClInclude Include="LightDefinition.h">
      <Filter>Header Files</Filter>
    </ClInclude>
    <ClInclude Include="LightNode.h">
      <Filter>Header Files</Filter>
    </ClInclude>
    <ClInclude Include="LightSolveOptionsDialog.h">
      <Filter>Header Files</Filter>
    </ClInclude>
    <ClInclude Include="LightSolveProgressDialog.h">
      <Filter>Header Files</Filter>
    </ClInclude>
    <ClInclude Include="lightsolvesavesystem.h">
      <Filter>Header Files</Filter>
    </ClInclude>
    <ClInclude Include="ListTypes.h">
      <Filter>Header Files</Filter>
    </ClInclude>
    <ClInclude Include="LODSettingsDialog.h">
      <Filter>Header Files</Filter>
    </ClInclude>
    <ClInclude Include="MainDialogBar.h">
      <Filter>Header Files</Filter>
    </ClInclude>
    <ClInclude Include="MainFrm.h">
      <Filter>Header Files</Filter>
    </ClInclude>
    <ClInclude Include="MemLogDialog.h">
      <Filter>Header Files</Filter>
    </ClInclude>
    <ClInclude Include="MissingTranslationReportDialog.h">
      <Filter>Header Files</Filter>
    </ClInclude>
    <ClInclude Include="mixfiledatabase.h">
      <Filter>Header Files</Filter>
    </ClInclude>
    <ClInclude Include="ModelUtils.h">
      <Filter>Header Files</Filter>
    </ClInclude>
    <ClInclude Include="MouseMgr.h">
      <Filter>Header Files</Filter>
    </ClInclude>
    <ClInclude Include="Mover.h">
      <Filter>Header Files</Filter>
    </ClInclude>
    <ClInclude Include="MusicPropPage.h">
      <Filter>Header Files</Filter>
    </ClInclude>
    <ClInclude Include="NewAssetPackageDialog.h">
      <Filter>Header Files</Filter>
    </ClInclude>
    <ClInclude Include="NewHeightfieldDialog.h">
      <Filter>Header Files</Filter>
    </ClInclude>
    <ClInclude Include="Node.h">
      <Filter>Header Files</Filter>
    </ClInclude>
    <ClInclude Include="NodeCategories.h">
      <Filter>Header Files</Filter>
    </ClInclude>
    <ClInclude Include="NodeFunction.h">
      <Filter>Header Files</Filter>
    </ClInclude>
    <ClInclude Include="NodeIDStartDialog.h">
      <Filter>Header Files</Filter>
    </ClInclude>
    <ClInclude Include="NodeInfoPage.h">
      <Filter>Header Files</Filter>
    </ClInclude>
    <ClInclude Include="NodeMgr.H">
      <Filter>Header Files</Filter>
    </ClInclude>
    <ClInclude Include="NodeScriptsPropPage.h">
      <Filter>Header Files</Filter>
    </ClInclude>
    <ClInclude Include="nodetemplate.h">
      <Filter>Header Files</Filter>
    </ClInclude>
    <ClInclude Include="NodeTypes.h">
      <Filter>Header Files</Filter>
    </ClInclude>
    <ClInclude Include="ObjectNode.h">
      <Filter>Header Files</Filter>
    </ClInclude>
    <ClInclude Include="OptimizingVisDialog.h">
      <Filter>Header Files</Filter>
    </ClInclude>
    <ClInclude Include="OutputForm.h">
      <Filter>Header Files</Filter>
    </ClInclude>
    <ClInclude Include="OverlapPage.h">
      <Filter>Header Files</Filter>
    </ClInclude>
    <ClInclude Include="ParameterCtrls.h">
      <Filter>Header Files</Filter>
    </ClInclude>
    <ClInclude Include="ParameterInheritanceDialog.h">
      <Filter>Header Files</Filter>
    </ClInclude>
    <ClInclude Include="PathfindSectorBuilder.h">
      <Filter>Header Files</Filter>
    </ClInclude>
    <ClInclude Include="PathfindStartDefinition.h">
      <Filter>Header Files</Filter>
    </ClInclude>
    <ClInclude Include="PathfindStartNode.h">
      <Filter>Header Files</Filter>
    </ClInclude>
    <ClInclude Include="PhysObjectEditDialog.h">
      <Filter>Header Files</Filter>
    </ClInclude>
    <ClInclude Include="PhysObjEditTab.h">
      <Filter>Header Files</Filter>
    </ClInclude>
    <ClInclude Include="Picker.h">
      <Filter>Header Files</Filter>
    </ClInclude>
    <ClInclude Include="PlaySoundDialog.h">
      <Filter>Header Files</Filter>
    </ClInclude>
    <ClInclude Include="PositionPage.h">
      <Filter>Header Files</Filter>
    </ClInclude>
    <ClInclude Include="Preset.h">
      <Filter>Header Files</Filter>
    </ClInclude>
    <ClInclude Include="PresetDependencyTab.h">
      <Filter>Header Files</Filter>
    </ClInclude>
    <ClInclude Include="PresetDialogueTab.h">
      <Filter>Header Files</Filter>
    </ClInclude>
    <ClInclude Include="PresetExport.h">
      <Filter>Header Files</Filter>
    </ClInclude>
    <ClInclude Include="PresetGeneralTab.h">
      <Filter>Header Files</Filter>
    </ClInclude>
    <ClInclude Include="PresetListDialog.h">
      <Filter>Header Files</Filter>
    </ClInclude>
    <ClInclude Include="PresetLogger.h">
      <Filter>Header Files</Filter>
    </ClInclude>
    <ClInclude Include="PresetMgr.h">
      <Filter>Header Files</Filter>
    </ClInclude>
    <ClInclude Include="PresetPicker.h">
      <Filter>Header Files</Filter>
    </ClInclude>
    <ClInclude Include="PresetPropSheet.h">
      <Filter>Header Files</Filter>
    </ClInclude>
    <ClInclude Include="PresetRemapDialog.h">
      <Filter>Header Files</Filter>
    </ClInclude>
    <ClInclude Include="PresetSettingsTab.h">
      <Filter>Header Files</Filter>
    </ClInclude>
    <ClInclude Include="PresetsLibForm.h">
      <Filter>Header Files</Filter>
    </ClInclude>
    <ClInclude Include="PresetTransitionTab.h">
      <Filter>Header Files</Filter>
    </ClInclude>
    <ClInclude Include="PresetZoneTab.h">
      <Filter>Header Files</Filter>
    </ClInclude>
    <ClInclude Include="ProfileSection.h">
      <Filter>Header Files</Filter>
    </ClInclude>
    <ClInclude Include="ProgressUI.h">
      <Filter>Header Files</Filter>
    </ClInclude>
    <ClInclude Include="rcstringextractor.h">
      <Filter>Header Files</Filter>
    </ClInclude>
    <ClInclude Include="RegKeys.h">
      <Filter>Header Files</Filter>
    </ClInclude>
    <ClInclude Include="reportmgr.h">
      <Filter>Header Files</Filter>
    </ClInclude>
    <ClInclude Include="Resource.h">
      <Filter>Header Files</Filter>
    </ClInclude>
    <ClInclude Include="SceneEditor.h">
      <Filter>Header Files</Filter>
    </ClInclude>
    <ClInclude Include="ScriptEditDialog.h">
      <Filter>Header Files</Filter>
    </ClInclude>
    <ClInclude Include="ScriptMgr.h">
      <Filter>Header Files</Filter>
    </ClInclude>
    <ClInclude Include="SelectionBox.h">
      <Filter>Header Files</Filter>
    </ClInclude>
    <ClInclude Include="SelectPresetDialog.h">
      <Filter>Header Files</Filter>
    </ClInclude>
    <ClInclude Include="SkyPropPage.h">
      <Filter>Header Files</Filter>
    </ClInclude>
    <ClInclude Include="SoundNode.h">
      <Filter>Header Files</Filter>
    </ClInclude>
    <ClInclude Include="SoundSettingsPage.h">
      <Filter>Header Files</Filter>
    </ClInclude>
    <ClInclude Include="SpawnerNode.h">
      <Filter>Header Files</Filter>
    </ClInclude>
    <ClInclude Include="SpawnPointNode.h">
      <Filter>Header Files</Filter>
    </ClInclude>
    <ClInclude Include="SpecSheet.h">
      <Filter>Header Files</Filter>
    </ClInclude>
    <ClInclude Include="Splash.h">
      <Filter>Header Files</Filter>
    </ClInclude>
    <ClInclude Include="SplashScreen.h">
      <Filter>Header Files</Filter>
    </ClInclude>
    <ClInclude Include="StdAfx.h">
      <Filter>Header Files</Filter>
    </ClInclude>
    <ClInclude Include="StringLibraryDialog.h">
      <Filter>Header Files</Filter>
    </ClInclude>
    <ClInclude Include="StringPicker.h">
      <Filter>Header Files</Filter>
    </ClInclude>
    <ClInclude Include="StringPickerDialog.h">
      <Filter>Header Files</Filter>
    </ClInclude>
    <ClInclude Include="StringPickerMainDialog.h">
      <Filter>Header Files</Filter>
    </ClInclude>
    <ClInclude Include="StringsCategoryNameDialog.h">
      <Filter>Header Files</Filter>
    </ClInclude>
    <ClInclude Include="StringsCategoryViewDialog.h">
      <Filter>Header Files</Filter>
    </ClInclude>
    <ClInclude Include="stringsmgr.h">
      <Filter>Header Files</Filter>
    </ClInclude>
    <ClInclude Include="SunlightDialog.h">
      <Filter>Header Files</Filter>
    </ClInclude>
    <ClInclude Include="TerrainDefinition.h">
      <Filter>Header Files</Filter>
    </ClInclude>
    <ClInclude Include="TerrainLODPage.h">
      <Filter>Header Files</Filter>
    </ClInclude>
    <ClInclude Include="TerrainNode.h">
      <Filter>Header Files</Filter>
    </ClInclude>
    <ClInclude Include="TerrainSectionPersist.h">
      <Filter>Header Files</Filter>
    </ClInclude>
    <ClInclude Include="TGAToDXT.h">
      <Filter>Header Files</Filter>
    </ClInclude>
    <ClInclude Include="TileDefinition.h">
      <Filter>Header Files</Filter>
    </ClInclude>
    <ClInclude Include="TileNode.h">
      <Filter>Header Files</Filter>
    </ClInclude>
    <ClInclude Include="TransitionEditDialog.h">
      <Filter>Header Files</Filter>
    </ClInclude>
    <ClInclude Include="TransitionNode.h">
      <Filter>Header Files</Filter>
    </ClInclude>
    <ClInclude Include="TranslationExportDialog.h">
      <Filter>Header Files</Filter>
    </ClInclude>
    <ClInclude Include="UIThread.h">
      <Filter>Header Files</Filter>
    </ClInclude>
    <ClInclude Include="UndoMgr.h">
      <Filter>Header Files</Filter>
    </ClInclude>
    <ClInclude Include="UniqueList.h">
      <Filter>Header Files</Filter>
    </ClInclude>
    <ClInclude Include="UpdateAssetsDialog.h">
      <Filter>Header Files</Filter>
    </ClInclude>
    <ClInclude Include="UpdatePresetDialog.h">
      <Filter>Header Files</Filter>
    </ClInclude>
    <ClInclude Include="UpdatingDBDialog.h">
      <Filter>Header Files</Filter>
    </ClInclude>
    <ClInclude Include="Utils.h">
      <Filter>Header Files</Filter>
    </ClInclude>
    <ClInclude Include="ValueListDialog.h">
      <Filter>Header Files</Filter>
    </ClInclude>
    <ClInclude Include="Vector3Dialog.h">
      <Filter>Header Files</Filter>
    </ClInclude>
    <ClInclude Include="VisErrorReportDialog.h">
      <Filter>Header Files</Filter>
    </ClInclude>
    <ClInclude Include="VisGenProgress.h">
      <Filter>Header Files</Filter>
    </ClInclude>
    <ClInclude Include="VisLog.h">
      <Filter>Header Files</Filter>
    </ClInclude>
    <ClInclude Include="VisMgr.h">
      <Filter>Header Files</Filter>
    </ClInclude>
    <ClInclude Include="VisPointDefinition.h">
      <Filter>Header Files</Filter>
    </ClInclude>
    <ClInclude Include="VisPointGenerator.h">
      <Filter>Header Files</Filter>
    </ClInclude>
    <ClInclude Include="VisPointNode.h">
      <Filter>Header Files</Filter>
    </ClInclude>
    <ClInclude Include="VisSectorSampler.h">
      <Filter>Header Files</Filter>
    </ClInclude>
    <ClInclude Include="VisStatsDialog.h">
      <Filter>Header Files</Filter>
    </ClInclude>
    <ClInclude Include="VisualOptionsDialog.h">
      <Filter>Header Files</Filter>
    </ClInclude>
    <ClInclude Include="VisWindowDialog.h">
      <Filter>Header Files</Filter>
    </ClInclude>
    <ClInclude Include="vss.h">
      <Filter>Header Files</Filter>
    </ClInclude>
    <ClInclude Include="VSSClass.h">
      <Filter>Header Files</Filter>
    </ClInclude>
    <ClInclude Include="WaypathDefinition.h">
      <Filter>Header Files</Filter>
    </ClInclude>
    <ClInclude Include="WaypathInfoPage.h">
      <Filter>Header Files</Filter>
    </ClInclude>
    <ClInclude Include="WaypathNode.h">
      <Filter>Header Files</Filter>
    </ClInclude>
    <ClInclude Include="WaypointLine.h">
      <Filter>Header Files</Filter>
    </ClInclude>
    <ClInclude Include="WaypointNode.h">
      <Filter>Header Files</Filter>
    </ClInclude>
    <ClInclude Include="WeatherPropPage.h">
      <Filter>Header Files</Filter>
    </ClInclude>
    <ClInclude Include="WelcomeDialog.h">
      <Filter>Header Files</Filter>
    </ClInclude>
    <ClInclude Include="..\..\wwlib\wwstring.h">
      <Filter>Header Files</Filter>
    </ClInclude>
    <ClInclude Include="ZoneEditDialog.h">
      <Filter>Header Files</Filter>
    </ClInclude>
    <ClInclude Include="ZoneInfoPage.h">
      <Filter>Header Files</Filter>
    </ClInclude>
    <ClInclude Include="ZoneNode.h">
      <Filter>Header Files</Filter>
    </ClInclude>
  </ItemGroup>
  <ItemGroup>
    <CustomBuild Include="res\ani_tool.bmp">
      <Filter>Resource Files</Filter>
    </CustomBuild>
    <CustomBuild Include="arrowcop.cur">
      <Filter>Resource Files</Filter>
    </CustomBuild>
    <CustomBuild Include="res\axis1.bmp">
      <Filter>Resource Files</Filter>
    </CustomBuild>
    <CustomBuild Include="res\axis2.bmp">
      <Filter>Resource Files</Filter>
    </CustomBuild>
    <CustomBuild Include="bitmap1.bmp">
      <Filter>Resource Files</Filter>
    </CustomBuild>
    <CustomBuild Include="res\bitmap1.bmp">
      <Filter>Resource Files</Filter>
    </CustomBuild>
    <CustomBuild Include="res\bmp00001.bmp">
      <Filter>Resource Files</Filter>
    </CustomBuild>
    <CustomBuild Include="res\bmp00002.bmp">
      <Filter>Resource Files</Filter>
    </CustomBuild>
    <CustomBuild Include="res\bmp00003.bmp">
      <Filter>Resource Files</Filter>
    </CustomBuild>
    <CustomBuild Include="res\bottom_t.bmp">
      <Filter>Resource Files</Filter>
    </CustomBuild>
    <CustomBuild Include="res\check1.ico">
      <Filter>Resource Files</Filter>
    </CustomBuild>
    <CustomBuild Include="res\checkbox.bmp">
      <Filter>Resource Files</Filter>
    </CustomBuild>
    <CustomBuild Include="res\conversa.bmp">
      <Filter>Resource Files</Filter>
    </CustomBuild>
    <CustomBuild Include="res\convert1.ico">
      <Filter>Resource Files</Filter>
    </CustomBuild>
    <CustomBuild Include="res\cur00001.cur">
      <Filter>Resource Files</Filter>
    </CustomBuild>
    <CustomBuild Include="res\cursor1.cur">
      <Filter>Resource Files</Filter>
    </CustomBuild>
    <CustomBuild Include="res\Filecopy.avi">
      <Filter>Resource Files</Filter>
    </CustomBuild>
    <CustomBuild Include="res\folder1.ico">
      <Filter>Resource Files</Filter>
    </CustomBuild>
    <CustomBuild Include="res\folder_t.ico">
      <Filter>Resource Files</Filter>
    </CustomBuild>
    <CustomBuild Include="res\hand_poi.cur">
      <Filter>Resource Files</Filter>
    </CustomBuild>
    <CustomBuild Include="res\ico00001.ico">
      <Filter>Resource Files</Filter>
    </CustomBuild>
    <CustomBuild Include="res\ico00002.ico">
      <Filter>Resource Files</Filter>
    </CustomBuild>
    <CustomBuild Include="res\ico00003.ico">
      <Filter>Resource Files</Filter>
    </CustomBuild>
    <CustomBuild Include="res\ico00004.ico">
      <Filter>Resource Files</Filter>
    </CustomBuild>
    <CustomBuild Include="res\ico00005.ico">
      <Filter>Resource Files</Filter>
    </CustomBuild>
    <CustomBuild Include="res\ico00006.ico">
      <Filter>Resource Files</Filter>
    </CustomBuild>
    <CustomBuild Include="res\ico00007.ico">
      <Filter>Resource Files</Filter>
    </CustomBuild>
    <CustomBuild Include="res\ico00008.ico">
      <Filter>Resource Files</Filter>
    </CustomBuild>
    <CustomBuild Include="res\ico00009.ico">
      <Filter>Resource Files</Filter>
    </CustomBuild>
    <CustomBuild Include="res\ico00010.ico">
      <Filter>Resource Files</Filter>
    </CustomBuild>
    <CustomBuild Include="res\ico00011.ico">
      <Filter>Resource Files</Filter>
    </CustomBuild>
    <CustomBuild Include="res\ico00012.ico">
      <Filter>Resource Files</Filter>
    </CustomBuild>
    <CustomBuild Include="res\ico00013.ico">
      <Filter>Resource Files</Filter>
    </CustomBuild>
    <CustomBuild Include="res\ico00014.ico">
      <Filter>Resource Files</Filter>
    </CustomBuild>
    <CustomBuild Include="res\ico00015.ico">
      <Filter>Resource Files</Filter>
    </CustomBuild>
    <CustomBuild Include="res\ico00016.ico">
      <Filter>Resource Files</Filter>
    </CustomBuild>
    <CustomBuild Include="res\ico00017.ico">
      <Filter>Resource Files</Filter>
    </CustomBuild>
    <CustomBuild Include="res\ico00018.ico">
      <Filter>Resource Files</Filter>
    </CustomBuild>
    <CustomBuild Include="res\ico00019.ico">
      <Filter>Resource Files</Filter>
    </CustomBuild>
    <CustomBuild Include="res\ico00020.ico">
      <Filter>Resource Files</Filter>
    </CustomBuild>
    <CustomBuild Include="res\ico00021.ico">
      <Filter>Resource Files</Filter>
    </CustomBuild>
    <CustomBuild Include="res\ico00022.ico">
      <Filter>Resource Files</Filter>
    </CustomBuild>
    <CustomBuild Include="res\ico00023.ico">
      <Filter>Resource Files</Filter>
    </CustomBuild>
    <CustomBuild Include="res\ico00024.ico">
      <Filter>Resource Files</Filter>
    </CustomBuild>
    <CustomBuild Include="res\ico00025.ico">
      <Filter>Resource Files</Filter>
    </CustomBuild>
    <CustomBuild Include="res\ico00026.ico">
      <Filter>Resource Files</Filter>
    </CustomBuild>
    <CustomBuild Include="res\ico00027.ico">
      <Filter>Resource Files</Filter>
    </CustomBuild>
    <CustomBuild Include="res\ico00069.ico">
      <Filter>Resource Files</Filter>
    </CustomBuild>
    <CustomBuild Include="res\ico3dfil.ico">
      <Filter>Resource Files</Filter>
    </CustomBuild>
    <CustomBuild Include="res\icon1.ico">
      <Filter>Resource Files</Filter>
    </CustomBuild>
    <CustomBuild Include="res\icon2.ico">
      <Filter>Resource Files</Filter>
    </CustomBuild>
    <CustomBuild Include="res\idi_.ico">
      <Filter>Resource Files</Filter>
    </CustomBuild>
    <CustomBuild Include="res\idr_main.ico">
      <Filter>Resource Files</Filter>
    </CustomBuild>
    <CustomBuild Include="res\instance.bmp">
      <Filter>Resource Files</Filter>
    </CustomBuild>
    <CustomBuild Include="keyframe.bmp">
      <Filter>Resource Files</Filter>
    </CustomBuild>
    <CustomBuild Include="res\LevelEdit.ico">
      <Filter>Resource Files</Filter>
    </CustomBuild>
    <CustomBuild Include="res\LevelEdit.rc2">
      <Filter>Resource Files</Filter>
    </CustomBuild>
    <CustomBuild Include="res\LevelEditDoc.ico">
      <Filter>Resource Files</Filter>
    </CustomBuild>
    <CustomBuild Include="res\link.cur">
      <Filter>Resource Files</Filter>
    </CustomBuild>
    <CustomBuild Include="res\ltarrow.bmp">
      <Filter>Resource Files</Filter>
    </CustomBuild>
    <CustomBuild Include="res\ltarrowd.bmp">
      <Filter>Resource Files</Filter>
    </CustomBuild>
    <CustomBuild Include="res\mainfram.bmp">
      <Filter>Resource Files</Filter>
    </CustomBuild>
    <CustomBuild Include="marker.bmp">
      <Filter>Resource Files</Filter>
    </CustomBuild>
    <CustomBuild Include="res\openfold.ico">
      <Filter>Resource Files</Filter>
    </CustomBuild>
    <CustomBuild Include="res\orator2.ico">
      <Filter>Resource Files</Filter>
    </CustomBuild>
    <CustomBuild Include="res\orator3.ico">
      <Filter>Resource Files</Filter>
    </CustomBuild>
    <CustomBuild Include="res\orator4.ico">
      <Filter>Resource Files</Filter>
    </CustomBuild>
    <CustomBuild Include="res\orator5.ico">
      <Filter>Resource Files</Filter>
    </CustomBuild>
    <CustomBuild Include="res\orator6.ico">
      <Filter>Resource Files</Filter>
    </CustomBuild>
    <CustomBuild Include="res\orator7.ico">
      <Filter>Resource Files</Filter>
    </CustomBuild>
    <CustomBuild Include="res\pathfind.ico">
      <Filter>Resource Files</Filter>
    </CustomBuild>
    <CustomBuild Include="res\PhysTest.ico">
      <Filter>Resource Files</Filter>
    </CustomBuild>
    <CustomBuild Include="res\pointer_.cur">
      <Filter>Resource Files</Filter>
    </CustomBuild>
    <CustomBuild Include="res\preset_t.bmp">
      <Filter>Resource Files</Filter>
    </CustomBuild>
    <CustomBuild Include="res\pri_high.ico">
      <Filter>Resource Files</Filter>
    </CustomBuild>
    <CustomBuild Include="res\pri_low.ico">
      <Filter>Resource Files</Filter>
    </CustomBuild>
    <CustomBuild Include="res\pri_low1.ico">
      <Filter>Resource Files</Filter>
    </CustomBuild>
    <CustomBuild Include="res\rtarrow.bmp">
      <Filter>Resource Files</Filter>
    </CustomBuild>
    <CustomBuild Include="res\rtarrowd.bmp">
      <Filter>Resource Files</Filter>
    </CustomBuild>
    <CustomBuild Include="res\script.ico">
      <Filter>Resource Files</Filter>
    </CustomBuild>
    <CustomBuild Include="res\sound.ico">
      <Filter>Resource Files</Filter>
    </CustomBuild>
    <CustomBuild Include="res\splash.bmp">
      <Filter>Resource Files</Filter>
    </CustomBuild>
    <CustomBuild Include="res\sunlight.ico">
      <Filter>Resource Files</Filter>
    </CustomBuild>
    <CustomBuild Include="res\terrain.ico">
      <Filter>Resource Files</Filter>
    </CustomBuild>
    <CustomBuild Include="res\tile.ico">
      <Filter>Resource Files</Filter>
    </CustomBuild>
    <CustomBuild Include="res\Toolbar.bmp">
      <Filter>Resource Files</Filter>
    </CustomBuild>
    <CustomBuild Include="res\toolbar1.bmp">
      <Filter>Resource Files</Filter>
    </CustomBuild>
    <CustomBuild Include="res\transiti.ico">
      <Filter>Resource Files</Filter>
    </CustomBuild>
    <CustomBuild Include="res\vol_low1.ico">
      <Filter>Resource Files</Filter>
    </CustomBuild>
    <CustomBuild Include="res\vss.ico">
      <Filter>Resource Files</Filter>
    </CustomBuild>
    <CustomBuild Include="res\vss_user.ico">
      <Filter>Resource Files</Filter>
    </CustomBuild>
    <CustomBuild Include="res\WayMid.W3d">
      <Filter>Resource Files</Filter>
    </CustomBuild>
    <CustomBuild Include="res\waypath.ico">
      <Filter>Resource Files</Filter>
    </CustomBuild>
    <CustomBuild Include="res\WayStart.w3d">
      <Filter>Resource Files</Filter>
    </CustomBuild>
    <CustomBuild Include="res\WayStop.w3d">
      <Filter>Resource Files</Filter>
    </CustomBuild>
    <CustomBuild Include="res\welcome.bmp">
      <Filter>Resource Files</Filter>
    </CustomBuild>
    <CustomBuild Include="res\zone.ico">
      <Filter>Resource Files</Filter>
    </CustomBuild>
    <CustomBuild Include="res\bodybox.w3d" />
    <CustomBuild Include="res\buildingicon.w3d" />
    <CustomBuild Include="res\Camera.w3d" />
    <CustomBuild Include="res\carmarker.w3d" />
    <CustomBuild Include="res\coverspot.w3d" />
    <CustomBuild Include="res\dummy.w3d" />
    <CustomBuild Include="res\grid.w3d" />
    <CustomBuild Include="LevelEdit.reg" />
    <CustomBuild Include="res\Light.w3d" />
    <CustomBuild Include="res\Meter.tga" />
    <CustomBuild Include="res\PointLight.w3d" />
    <CustomBuild Include="ReadMe.txt" />
    <CustomBuild Include="res\Speaker.w3d" />
    <CustomBuild Include="res\Speaker2.w3d" />
    <CustomBuild Include="res\ta_cement.tga" />
    <CustomBuild Include="res\ta_dummy.tga" />
    <CustomBuild Include="res\ta_front.tga" />
    <CustomBuild Include="res\transbox.w3d" />
    <CustomBuild Include="res\way_b.w3d" />
    <CustomBuild Include="res\way_g.w3d" />
    <CustomBuild Include="res\way_r.w3d" />
  </ItemGroup>
  <ItemGroup>
    <None Include="packages.config" />
  </ItemGroup>
</Project>