<?xml version="1.0" encoding="utf-8"?>
<Project ToolsVersion="4.0" xmlns="http://schemas.microsoft.com/developer/msbuild/2003">
  <ItemGroup>
    <Filter Include="Source Files">
      <UniqueIdentifier>{5125f90c-d1d6-4b2a-8946-9123dc09cb48}</UniqueIdentifier>
      <Extensions>cpp;c;cxx;rc;def;r;odl;idl;hpj;bat</Extensions>
    </Filter>
    <Filter Include="Header Files">
      <UniqueIdentifier>{10ad032c-8731-442e-9c56-59bcb482f036}</UniqueIdentifier>
      <Extensions>h;hpp;hxx;hm;inl</Extensions>
    </Filter>
  </ItemGroup>
  <ItemGroup>
    <ClCompile Include="AudibleSound.cpp">
      <Filter>Source Files</Filter>
    </ClCompile>
    <ClCompile Include="AudioEvents.cpp">
      <Filter>Source Files</Filter>
    </ClCompile>
    <ClCompile Include="AudioSaveLoad.cpp">
      <Filter>Source Files</Filter>
    </ClCompile>
    <ClCompile Include="FilteredSound.cpp">
      <Filter>Source Files</Filter>
    </ClCompile>
    <ClCompile Include="Listener.cpp">
      <Filter>Source Files</Filter>
    </ClCompile>
    <ClCompile Include="listenerhandle.cpp">
      <Filter>Source Files</Filter>
    </ClCompile>
    <ClCompile Include="LogicalListener.cpp">
      <Filter>Source Files</Filter>
    </ClCompile>
    <ClCompile Include="LogicalSound.cpp">
      <Filter>Source Files</Filter>
    </ClCompile>
    <ClCompile Include="sound2dhandle.cpp">
      <Filter>Source Files</Filter>
    </ClCompile>
    <ClCompile Include="Sound3D.cpp">
      <Filter>Source Files</Filter>
    </ClCompile>
    <ClCompile Include="sound3dhandle.cpp">
      <Filter>Source Files</Filter>
    </ClCompile>
    <ClCompile Include="SoundBuffer.cpp">
      <Filter>Source Files</Filter>
    </ClCompile>
    <ClCompile Include="soundhandle.cpp">
      <Filter>Source Files</Filter>
    </ClCompile>
    <ClCompile Include="SoundPseudo3D.cpp">
      <Filter>Source Files</Filter>
    </ClCompile>
    <ClCompile Include="SoundScene.cpp">
      <Filter>Source Files</Filter>
    </ClCompile>
    <ClCompile Include="SoundSceneObj.cpp">
      <Filter>Source Files</Filter>
    </ClCompile>
    <ClCompile Include="soundstreamhandle.cpp">
      <Filter>Source Files</Filter>
    </ClCompile>
    <ClCompile Include="Threads.cpp">
      <Filter>Source Files</Filter>
    </ClCompile>
    <ClCompile Include="Utils.cpp">
      <Filter>Source Files</Filter>
    </ClCompile>
    <ClCompile Include="WWAudio.cpp">
      <Filter>Source Files</Filter>
    </ClCompile>
  </ItemGroup>
  <ItemGroup>
    <ClInclude Include="AABTreeSoundCullClass.h">
      <Filter>Header Files</Filter>
    </ClInclude>
    <ClInclude Include="AudibleSound.h">
      <Filter>Header Files</Filter>
    </ClInclude>
    <ClInclude Include="AudioEvents.h">
      <Filter>Header Files</Filter>
    </ClInclude>
    <ClInclude Include="AudioSaveLoad.h">
      <Filter>Header Files</Filter>
    </ClInclude>
    <ClInclude Include="FilteredSound.h">
      <Filter>Header Files</Filter>
    </ClInclude>
    <ClInclude Include="Listener.h">
      <Filter>Header Files</Filter>
    </ClInclude>
    <ClInclude Include="listenerhandle.h">
      <Filter>Header Files</Filter>
    </ClInclude>
    <ClInclude Include="LogicalListener.h">
      <Filter>Header Files</Filter>
    </ClInclude>
    <ClInclude Include="LogicalSound.h">
      <Filter>Header Files</Filter>
    </ClInclude>
    <ClInclude Include="PriorityVector.h">
      <Filter>Header Files</Filter>
    </ClInclude>
    <ClInclude Include="sound2dhandle.h">
      <Filter>Header Files</Filter>
    </ClInclude>
    <ClInclude Include="Sound3D.h">
      <Filter>Header Files</Filter>
    </ClInclude>
    <ClInclude Include="sound3dhandle.h">
      <Filter>Header Files</Filter>
    </ClInclude>
    <ClInclude Include="SoundBuffer.h">
      <Filter>Header Files</Filter>
    </ClInclude>
    <ClInclude Include="SoundCullObj.h">
      <Filter>Header Files</Filter>
    </ClInclude>
    <ClInclude Include="soundhandle.h">
      <Filter>Header Files</Filter>
    </ClInclude>
    <ClInclude Include="SoundPseudo3D.h">
      <Filter>Header Files</Filter>
    </ClInclude>
    <ClInclude Include="SoundScene.h">
      <Filter>Header Files</Filter>
    </ClInclude>
    <ClInclude Include="SoundSceneObj.h">
      <Filter>Header Files</Filter>
    </ClInclude>
    <ClInclude Include="soundstreamhandle.h">
      <Filter>Header Files</Filter>
    </ClInclude>
    <ClInclude Include="Threads.h">
      <Filter>Header Files</Filter>
    </ClInclude>
    <ClInclude Include="Utils.h">
      <Filter>Header Files</Filter>
    </ClInclude>
    <ClInclude Include="WWAudio.h">
      <Filter>Header Files</Filter>
    </ClInclude>
  </ItemGroup>
</Project>