<?xml version="1.0" encoding="utf-8"?>
<Project ToolsVersion="4.0" xmlns="http://schemas.microsoft.com/developer/msbuild/2003">
  <ItemGroup>
    <Filter Include="Source Files">
      <UniqueIdentifier>{e300cdae-a2ec-4270-89c6-c180159664aa}</UniqueIdentifier>
      <Extensions>cpp;c;cxx;rc;def;r;odl;idl;hpj;bat</Extensions>
    </Filter>
    <Filter Include="Header Files">
      <UniqueIdentifier>{bd1ab635-72d9-45fd-95e3-30479c94cbe6}</UniqueIdentifier>
      <Extensions>h;hpp;hxx;hm;inl</Extensions>
    </Filter>
  </ItemGroup>
  <ItemGroup>
    <ClCompile Include="buttonctrl.cpp">
      <Filter>Source Files</Filter>
    </ClCompile>
    <ClCompile Include="checkboxctrl.cpp">
      <Filter>Source Files</Filter>
    </ClCompile>
    <ClCompile Include="childdialog.cpp">
      <Filter>Source Files</Filter>
    </ClCompile>
    <ClCompile Include="comboboxctrl.cpp">
      <Filter>Source Files</Filter>
    </ClCompile>
    <ClCompile Include="dialogbase.cpp">
      <Filter>Source Files</Filter>
    </ClCompile>
    <ClCompile Include="dialogcontrol.cpp">
      <Filter>Source Files</Filter>
    </ClCompile>
    <ClCompile Include="dialogmgr.cpp">
      <Filter>Source Files</Filter>
    </ClCompile>
    <ClCompile Include="dialogparser.cpp">
      <Filter>Source Files</Filter>
    </ClCompile>
    <ClCompile Include="dialogtext.cpp">
      <Filter>Source Files</Filter>
    </ClCompile>
    <ClCompile Include="dialogtransition.cpp">
      <Filter>Source Files</Filter>
    </ClCompile>
    <ClCompile Include="dropdownctrl.cpp">
      <Filter>Source Files</Filter>
    </ClCompile>
    <ClCompile Include="editctrl.cpp">
      <Filter>Source Files</Filter>
    </ClCompile>
    <ClCompile Include="healthbarctrl.cpp">
      <Filter>Source Files</Filter>
    </ClCompile>
    <ClCompile Include="imagectrl.cpp">
      <Filter>Source Files</Filter>
    </ClCompile>
    <ClCompile Include="IMECandidate.cpp">
      <Filter>Source Files</Filter>
    </ClCompile>
    <ClCompile Include="IMECandidateCtrl.cpp">
      <Filter>Source Files</Filter>
    </ClCompile>
    <ClCompile Include="IMEManager.cpp">
      <Filter>Source Files</Filter>
    </ClCompile>
    <ClCompile Include="inputctrl.cpp">
      <Filter>Source Files</Filter>
    </ClCompile>
    <ClCompile Include="listctrl.cpp">
      <Filter>Source Files</Filter>
    </ClCompile>
    <ClCompile Include="listiconmgr.cpp">
      <Filter>Source Files</Filter>
    </ClCompile>
    <ClCompile Include="mapctrl.cpp">
      <Filter>Source Files</Filter>
    </ClCompile>
    <ClCompile Include="menubackdrop.cpp">
      <Filter>Source Files</Filter>
    </ClCompile>
    <ClCompile Include="menudialog.cpp">
      <Filter>Source Files</Filter>
    </ClCompile>
    <ClCompile Include="menuentryctrl.cpp">
      <Filter>Source Files</Filter>
    </ClCompile>
    <ClCompile Include="merchandisectrl.cpp">
      <Filter>Source Files</Filter>
    </ClCompile>
    <ClCompile Include="mousemgr.cpp">
      <Filter>Source Files</Filter>
    </ClCompile>
    <ClCompile Include="multilinetextctrl.cpp">
      <Filter>Source Files</Filter>
    </ClCompile>
    <ClCompile Include="popupdialog.cpp">
      <Filter>Source Files</Filter>
    </ClCompile>
    <ClCompile Include="ProgressCtrl.cpp">
      <Filter>Source Files</Filter>
    </ClCompile>
    <ClCompile Include="screencursor.cpp">
      <Filter>Source Files</Filter>
    </ClCompile>
    <ClCompile Include="scrollbarctrl.cpp">
      <Filter>Source Files</Filter>
    </ClCompile>
    <ClCompile Include="shortcutbarctrl.cpp">
      <Filter>Source Files</Filter>
    </ClCompile>
    <ClCompile Include="sliderctrl.cpp">
      <Filter>Source Files</Filter>
    </ClCompile>
    <ClCompile Include="stylemgr.cpp">
      <Filter>Source Files</Filter>
    </ClCompile>
    <ClCompile Include="tabctrl.cpp">
      <Filter>Source Files</Filter>
    </ClCompile>
    <ClCompile Include="textmarqueectrl.cpp">
      <Filter>Source Files</Filter>
    </ClCompile>
    <ClCompile Include="tooltip.cpp">
      <Filter>Source Files</Filter>
    </ClCompile>
    <ClCompile Include="tooltipmgr.cpp">
      <Filter>Source Files</Filter>
    </ClCompile>
    <ClCompile Include="treectrl.cpp">
      <Filter>Source Files</Filter>
    </ClCompile>
    <ClCompile Include="viewerctrl.cpp">
      <Filter>Source Files</Filter>
    </ClCompile>
    <ClCompile Include="wwuiinput.cpp">
      <Filter>Source Files</Filter>
    </ClCompile>
  </ItemGroup>
  <ItemGroup>
    <ClInclude Include="buttonctrl.h">
      <Filter>Header Files</Filter>
    </ClInclude>
    <ClInclude Include="checkboxctrl.h">
      <Filter>Header Files</Filter>
    </ClInclude>
    <ClInclude Include="childdialog.h">
      <Filter>Header Files</Filter>
    </ClInclude>
    <ClInclude Include="comboboxctrl.h">
      <Filter>Header Files</Filter>
    </ClInclude>
    <ClInclude Include="controladvisesink.h">
      <Filter>Header Files</Filter>
    </ClInclude>
    <ClInclude Include="dialogbase.h">
      <Filter>Header Files</Filter>
    </ClInclude>
    <ClInclude Include="dialogcontrol.h">
      <Filter>Header Files</Filter>
    </ClInclude>
    <ClInclude Include="dialogfactory.h">
      <Filter>Header Files</Filter>
    </ClInclude>
    <ClInclude Include="dialogmgr.h">
      <Filter>Header Files</Filter>
    </ClInclude>
    <ClInclude Include="dialogparser.h">
      <Filter>Header Files</Filter>
    </ClInclude>
    <ClInclude Include="dialogtext.h">
      <Filter>Header Files</Filter>
    </ClInclude>
    <ClInclude Include="dialogtransition.h">
      <Filter>Header Files</Filter>
    </ClInclude>
    <ClInclude Include="dropdownctrl.h">
      <Filter>Header Files</Filter>
    </ClInclude>
    <ClInclude Include="editctrl.h">
      <Filter>Header Files</Filter>
    </ClInclude>
    <ClInclude Include="healthbarctrl.h">
      <Filter>Header Files</Filter>
    </ClInclude>
    <ClInclude Include="imagectrl.h">
      <Filter>Header Files</Filter>
    </ClInclude>
    <ClInclude Include="IMECandidate.h">
      <Filter>Header Files</Filter>
    </ClInclude>
    <ClInclude Include="IMECandidateCtrl.h">
      <Filter>Header Files</Filter>
    </ClInclude>
    <ClInclude Include="IMEManager.h">
      <Filter>Header Files</Filter>
    </ClInclude>
    <ClInclude Include="inputctrl.h">
      <Filter>Header Files</Filter>
    </ClInclude>
    <ClInclude Include="listctrl.h">
      <Filter>Header Files</Filter>
    </ClInclude>
    <ClInclude Include="listiconmgr.h">
      <Filter>Header Files</Filter>
    </ClInclude>
    <ClInclude Include="mapctrl.h">
      <Filter>Header Files</Filter>
    </ClInclude>
    <ClInclude Include="menubackdrop.h">
      <Filter>Header Files</Filter>
    </ClInclude>
    <ClInclude Include="menudialog.h">
      <Filter>Header Files</Filter>
    </ClInclude>
    <ClInclude Include="menuentryctrl.h">
      <Filter>Header Files</Filter>
    </ClInclude>
    <ClInclude Include="merchandisectrl.h">
      <Filter>Header Files</Filter>
    </ClInclude>
    <ClInclude Include="mousemgr.h">
      <Filter>Header Files</Filter>
    </ClInclude>
    <ClInclude Include="multilinetextctrl.h">
      <Filter>Header Files</Filter>
    </ClInclude>
    <ClInclude Include="popupdialog.h">
      <Filter>Header Files</Filter>
    </ClInclude>
    <ClInclude Include="ProgressCtrl.h">
      <Filter>Header Files</Filter>
    </ClInclude>
    <ClInclude Include="screencursor.h">
      <Filter>Header Files</Filter>
    </ClInclude>
    <ClInclude Include="scrollbarctrl.h">
      <Filter>Header Files</Filter>
    </ClInclude>
    <ClInclude Include="shortcutbarctrl.h">
      <Filter>Header Files</Filter>
    </ClInclude>
    <ClInclude Include="sliderctrl.h">
      <Filter>Header Files</Filter>
    </ClInclude>
    <ClInclude Include="stylemgr.h">
      <Filter>Header Files</Filter>
    </ClInclude>
    <ClInclude Include="tabctrl.h">
      <Filter>Header Files</Filter>
    </ClInclude>
    <ClInclude Include="textmarqueectrl.h">
      <Filter>Header Files</Filter>
    </ClInclude>
    <ClInclude Include="tooltip.h">
      <Filter>Header Files</Filter>
    </ClInclude>
    <ClInclude Include="tooltipmgr.h">
      <Filter>Header Files</Filter>
    </ClInclude>
    <ClInclude Include="treectrl.h">
      <Filter>Header Files</Filter>
    </ClInclude>
    <ClInclude Include="viewerctrl.h">
      <Filter>Header Files</Filter>
    </ClInclude>
    <ClInclude Include="wwuiinput.h">
      <Filter>Header Files</Filter>
    </ClInclude>
  </ItemGroup>
  <ItemGroup>
    <None Include="packages.config" />
  </ItemGroup>
</Project>