Microsoft Visual Studio Solution File, Format Version 1.00
Project("{66355F20-A65B-11D0-BFB5-00A0C91EBFA0}") = "RenegadeSim", "RenegadeSim.vjp", "{D7DCC2E1-0B15-11D4-A510-006008055BB5}"
EndProject
Global
	GlobalSection(LocalDeployment) = postSolution
		StartupProject = {D7DCC2E1-0B15-11D4-A510-006008055BB5}
	EndGlobalSection
	GlobalSection(BuildOrder) = postSolution
		0 = {D7DCC2E1-0B15-11D4-A510-006008055BB5}
	EndGlobalSection
	GlobalSection(DeploymentRoot) = postSolution
	EndGlobalSection
EndGlobal
