<?xml version="1.0" encoding="utf-8"?>
<Project ToolsVersion="4.0" xmlns="http://schemas.microsoft.com/developer/msbuild/2003">
  <ItemGroup>
    <Filter Include="Source Files">
      <UniqueIdentifier>{9a901e80-3959-408a-9814-8081823caedd}</UniqueIdentifier>
      <Extensions>cpp;c;cxx;rc;def;r;odl;idl;hpj;bat</Extensions>
    </Filter>
    <Filter Include="Header Files">
      <UniqueIdentifier>{5e83ee32-a941-4b41-b0e0-160b21c842ee}</UniqueIdentifier>
      <Extensions>h;hpp;hxx;hm;inl</Extensions>
    </Filter>
  </ItemGroup>
  <ItemGroup>
    <ClCompile Include="BINKMovie.cpp">
      <Filter>Source Files</Filter>
    </ClCompile>
    <ClCompile Include="subtitle.cpp">
      <Filter>Source Files</Filter>
    </ClCompile>
    <ClCompile Include="subtitlemanager.cpp">
      <Filter>Source Files</Filter>
    </ClCompile>
    <ClCompile Include="subtitleparser.cpp">
      <Filter>Source Files</Filter>
    </ClCompile>
  </ItemGroup>
  <ItemGroup>
    <ClInclude Include="BINK.H">
      <Filter>Header Files</Filter>
    </ClInclude>
    <ClInclude Include="BINKMovie.h">
      <Filter>Header Files</Filter>
    </ClInclude>
    <ClInclude Include="RAD.H">
      <Filter>Header Files</Filter>
    </ClInclude>
    <ClInclude Include="subtitle.h">
      <Filter>Header Files</Filter>
    </ClInclude>
    <ClInclude Include="subtitlemanager.h">
      <Filter>Header Files</Filter>
    </ClInclude>
    <ClInclude Include="subtitleparser.h">
      <Filter>Header Files</Filter>
    </ClInclude>
  </ItemGroup>
  <ItemGroup>
    <None Include="packages.config" />
  </ItemGroup>
</Project>